// !$*UTF8*$!
{
	archiveVersion = 1;
	classes = {
	};
	objectVersion = 46;
	objects = {

/* Begin PBXBuildFile section */
		5800AA5E1746569000570EBF /* UIFilterKnobView.m in Sources */ = {isa = PBXBuildFile; fileRef = 5800AA5D1746569000570EBF /* UIFilterKnobView.m */; };
		58018B03173E04930084FC51 /* UIStatusUserButton.m in Sources */ = {isa = PBXBuildFile; fileRef = 58018B02173E04920084FC51 /* UIStatusUserButton.m */; };
		58018B09173E0FE00084FC51 /* UIBlackAlertView.m in Sources */ = {isa = PBXBuildFile; fileRef = 58018B08173E0FE00084FC51 /* UIBlackAlertView.m */; };
		580241F01736644900C64E28 /* UITwitterScrollHeaderView.m in Sources */ = {isa = PBXBuildFile; fileRef = 580241EF1736644900C64E28 /* UITwitterScrollHeaderView.m */; };
		580241F4173697E500C64E28 /* ImageZoomViewController.m in Sources */ = {isa = PBXBuildFile; fileRef = 580241F3173697E500C64E28 /* ImageZoomViewController.m */; };
		580409BC173619B00028EAD4 /* SideViewController.m in Sources */ = {isa = PBXBuildFile; fileRef = 580409BB173619B00028EAD4 /* SideViewController.m */; };
		580409C1173639ED0028EAD4 /* SVProgressHUD.bundle in Resources */ = {isa = PBXBuildFile; fileRef = 580409BE173639ED0028EAD4 /* SVProgressHUD.bundle */; };
		580409C2173639ED0028EAD4 /* SVProgressHUD.m in Sources */ = {isa = PBXBuildFile; fileRef = 580409C0173639ED0028EAD4 /* SVProgressHUD.m */; };
		5804D281173F53790000B03B /* NSEnduserRegistration.m in Sources */ = {isa = PBXBuildFile; fileRef = 5804D280173F53790000B03B /* NSEnduserRegistration.m */; };
		5804D285173F66AF0000B03B /* Filters.sqlite in Resources */ = {isa = PBXBuildFile; fileRef = 5804D284173F66AF0000B03B /* Filters.sqlite */; };
		5804D291173F67390000B03B /* FMDatabase.m in Sources */ = {isa = PBXBuildFile; fileRef = 5804D288173F67390000B03B /* FMDatabase.m */; };
		5804D292173F67390000B03B /* FMDatabaseAdditions.m in Sources */ = {isa = PBXBuildFile; fileRef = 5804D28A173F67390000B03B /* FMDatabaseAdditions.m */; };
		5804D293173F67390000B03B /* FMDatabasePool.m in Sources */ = {isa = PBXBuildFile; fileRef = 5804D28C173F67390000B03B /* FMDatabasePool.m */; };
		5804D294173F67390000B03B /* FMDatabaseQueue.m in Sources */ = {isa = PBXBuildFile; fileRef = 5804D28E173F67390000B03B /* FMDatabaseQueue.m */; };
		5804D295173F67390000B03B /* FMResultSet.m in Sources */ = {isa = PBXBuildFile; fileRef = 5804D290173F67390000B03B /* FMResultSet.m */; };
		5804D297173F71810000B03B /* libsqlite3.0.dylib in Frameworks */ = {isa = PBXBuildFile; fileRef = 5804D296173F71800000B03B /* libsqlite3.0.dylib */; };
		5804D29A173F8ED20000B03B /* NSEnduserFetched.m in Sources */ = {isa = PBXBuildFile; fileRef = 5804D299173F8ED10000B03B /* NSEnduserFetched.m */; };
		5806169D1742761100D2AB37 /* UISettingsCellView.m in Sources */ = {isa = PBXBuildFile; fileRef = 5806169C1742761100D2AB37 /* UISettingsCellView.m */; };
		5809EB8E1743BBCB008DC7DA /* UIFilterView.m in Sources */ = {isa = PBXBuildFile; fileRef = 5809EB8D1743BBCB008DC7DA /* UIFilterView.m */; };
		5809EB921743C25B008DC7DA /* UIFilterInnerShadowView.m in Sources */ = {isa = PBXBuildFile; fileRef = 5809EB911743C25B008DC7DA /* UIFilterInnerShadowView.m */; };
		5809EB951743D2B2008DC7DA /* UIFilterBarBaseView.m in Sources */ = {isa = PBXBuildFile; fileRef = 5809EB941743D2B2008DC7DA /* UIFilterBarBaseView.m */; };
		5809EB981743D3F8008DC7DA /* UIFilterSliderView.m in Sources */ = {isa = PBXBuildFile; fileRef = 5809EB971743D3F8008DC7DA /* UIFilterSliderView.m */; };
		580CEEC1173BD2F90050470F /* Icon-72.png in Resources */ = {isa = PBXBuildFile; fileRef = 580CEEBB173BD2F90050470F /* Icon-72.png */; };
		580CEEC2173BD2F90050470F /* Icon-Small-50.png in Resources */ = {isa = PBXBuildFile; fileRef = 580CEEBC173BD2F90050470F /* Icon-Small-50.png */; };
		580CEEC3173BD2F90050470F /* Icon-Small.png in Resources */ = {isa = PBXBuildFile; fileRef = 580CEEBD173BD2F90050470F /* Icon-Small.png */; };
		580CEEC4173BD2F90050470F /* Icon-Small@2x.png in Resources */ = {isa = PBXBuildFile; fileRef = 580CEEBE173BD2F90050470F /* Icon-Small@2x.png */; };
		580CEEC5173BD2F90050470F /* Icon.png in Resources */ = {isa = PBXBuildFile; fileRef = 580CEEBF173BD2F90050470F /* Icon.png */; };
		580CEEC6173BD2F90050470F /* Icon@2x.png in Resources */ = {isa = PBXBuildFile; fileRef = 580CEEC0173BD2F90050470F /* Icon@2x.png */; };
		580FBE391732B66F00D57341 /* UITwitterBackgroundView.m in Sources */ = {isa = PBXBuildFile; fileRef = 580FBE381732B66F00D57341 /* UITwitterBackgroundView.m */; };
		580FBE3C1732B6DE00D57341 /* UIScreen+twitter.m in Sources */ = {isa = PBXBuildFile; fileRef = 580FBE3B1732B6DE00D57341 /* UIScreen+twitter.m */; };
		581175A6174784310077A709 /* Open.png in Resources */ = {isa = PBXBuildFile; fileRef = 581175A4174784310077A709 /* Open.png */; };
		581175A7174784310077A709 /* Open@2x.png in Resources */ = {isa = PBXBuildFile; fileRef = 581175A5174784310077A709 /* Open@2x.png */; };
		581175AA174784660077A709 /* UIStatusOpenButton.m in Sources */ = {isa = PBXBuildFile; fileRef = 581175A9174784660077A709 /* UIStatusOpenButton.m */; };
		583E92F6173E2E5F00F7D3A7 /* TwitterTimelineViewDeveloperModel.m in Sources */ = {isa = PBXBuildFile; fileRef = 583E92F5173E2E5F00F7D3A7 /* TwitterTimelineViewDeveloperModel.m */; };
		583E92F9173E581400F7D3A7 /* NSEnduserData.m in Sources */ = {isa = PBXBuildFile; fileRef = 583E92F8173E581400F7D3A7 /* NSEnduserData.m */; };
		583E92FC173E7F7200F7D3A7 /* TwitterTimelineViewEnduserModel.m in Sources */ = {isa = PBXBuildFile; fileRef = 583E92FB173E7F7200F7D3A7 /* TwitterTimelineViewEnduserModel.m */; };
		588DECA51748C46900FC43C1 /* UICellButton.m in Sources */ = {isa = PBXBuildFile; fileRef = 588DECA41748C46900FC43C1 /* UICellButton.m */; };
		588DECAA1748D24E00FC43C1 /* NGWordViewController.m in Sources */ = {isa = PBXBuildFile; fileRef = 588DECA91748D24E00FC43C1 /* NGWordViewController.m */; };
		588DECAD1748D25C00FC43C1 /* NonDisplayUsersViewController.m in Sources */ = {isa = PBXBuildFile; fileRef = 588DECAC1748D25C00FC43C1 /* NonDisplayUsersViewController.m */; };
		588DECC81748EE6E00FC43C1 /* NavigationBarMenuButtonBgWithOuterShadow2@2x.png in Resources */ = {isa = PBXBuildFile; fileRef = 588DECC71748EE6E00FC43C1 /* NavigationBarMenuButtonBgWithOuterShadow2@2x.png */; };
		588DECCB1748F04A00FC43C1 /* NavigationBarBackButtonBg.png in Resources */ = {isa = PBXBuildFile; fileRef = 588DECC91748F04A00FC43C1 /* NavigationBarBackButtonBg.png */; };
		588DECCC1748F04A00FC43C1 /* NavigationBarBackButtonBg@2x.png in Resources */ = {isa = PBXBuildFile; fileRef = 588DECCA1748F04A00FC43C1 /* NavigationBarBackButtonBg@2x.png */; };
		58BB6749173FDFDF00D17669 /* HelpViewController.m in Sources */ = {isa = PBXBuildFile; fileRef = 58BB6748173FDFDF00D17669 /* HelpViewController.m */; };
		58BB674D173FDFF300D17669 /* ReportViewController.m in Sources */ = {isa = PBXBuildFile; fileRef = 58BB674C173FDFF300D17669 /* ReportViewController.m */; };
		58BB6751173FE00400D17669 /* PremiumViewController.m in Sources */ = {isa = PBXBuildFile; fileRef = 58BB6750173FE00400D17669 /* PremiumViewController.m */; };
		58C457C9174A55EC00E5B0EE /* NavigationBarBgTextured2@2x.png in Resources */ = {isa = PBXBuildFile; fileRef = 58C457C8174A55EC00E5B0EE /* NavigationBarBgTextured2@2x.png */; };
		58C457CC174A5C8C00E5B0EE /* NSFilterUsersFullData.m in Sources */ = {isa = PBXBuildFile; fileRef = 58C457CB174A5C8C00E5B0EE /* NSFilterUsersFullData.m */; };
		58F3E33F173FBA5600896C82 /* DCRoundSwitch.m in Sources */ = {isa = PBXBuildFile; fileRef = 58F3E338173FBA5600896C82 /* DCRoundSwitch.m */; settings = {COMPILER_FLAGS = "-fno-objc-arc"; }; };
		58F3E340173FBA5600896C82 /* DCRoundSwitchKnobLayer.m in Sources */ = {isa = PBXBuildFile; fileRef = 58F3E33A173FBA5600896C82 /* DCRoundSwitchKnobLayer.m */; settings = {COMPILER_FLAGS = "-fno-objc-arc"; }; };
		58F3E341173FBA5600896C82 /* DCRoundSwitchOutlineLayer.m in Sources */ = {isa = PBXBuildFile; fileRef = 58F3E33C173FBA5600896C82 /* DCRoundSwitchOutlineLayer.m */; settings = {COMPILER_FLAGS = "-fno-objc-arc"; }; };
		58F3E342173FBA5600896C82 /* DCRoundSwitchToggleLayer.m in Sources */ = {isa = PBXBuildFile; fileRef = 58F3E33E173FBA5600896C82 /* DCRoundSwitchToggleLayer.m */; settings = {COMPILER_FLAGS = "-fno-objc-arc"; }; };
		58F5429817379269006C1FB2 /* SideMenuBg-568h@2x.png in Resources */ = {isa = PBXBuildFile; fileRef = 58F5429517379269006C1FB2 /* SideMenuBg-568h@2x.png */; };
		58F5429917379269006C1FB2 /* SideMenuBg.png in Resources */ = {isa = PBXBuildFile; fileRef = 58F5429617379269006C1FB2 /* SideMenuBg.png */; };
		58F5429A17379269006C1FB2 /* SideMenuBg@2x.png in Resources */ = {isa = PBXBuildFile; fileRef = 58F5429717379269006C1FB2 /* SideMenuBg@2x.png */; };
		58F5429E1737981F006C1FB2 /* UISideMenuHeaderView.m in Sources */ = {isa = PBXBuildFile; fileRef = 58F5429D1737981F006C1FB2 /* UISideMenuHeaderView.m */; };
		58F542A11737A499006C1FB2 /* UISideMenuButton.m in Sources */ = {isa = PBXBuildFile; fileRef = 58F542A01737A499006C1FB2 /* UISideMenuButton.m */; };
		58F542A41737ACB1006C1FB2 /* UISideMenuSeparatorView.m in Sources */ = {isa = PBXBuildFile; fileRef = 58F542A31737ACB1006C1FB2 /* UISideMenuSeparatorView.m */; };
		58F542A71737E599006C1FB2 /* NSMenuItem.m in Sources */ = {isa = PBXBuildFile; fileRef = 58F542A61737E598006C1FB2 /* NSMenuItem.m */; };
		58F633CF173F962400673AA8 /* SettingsViewController.m in Sources */ = {isa = PBXBuildFile; fileRef = 58F633CE173F962400673AA8 /* SettingsViewController.m */; };
		58F7BA8A173546F40012AAEC /* JMImageCache.m in Sources */ = {isa = PBXBuildFile; fileRef = 58F7BA87173546F40012AAEC /* JMImageCache.m */; };
		58F7BA8B173546F40012AAEC /* UIImageView+JMImageCache.m in Sources */ = {isa = PBXBuildFile; fileRef = 58F7BA89173546F40012AAEC /* UIImageView+JMImageCache.m */; };
		58F9D2F817337CB6007100EF /* TwitterNavigationController.m in Sources */ = {isa = PBXBuildFile; fileRef = 58F9D2F717337CB6007100EF /* TwitterNavigationController.m */; };
		58F9D2FF17338242007100EF /* SidePanelController.m in Sources */ = {isa = PBXBuildFile; fileRef = 58F9D2FE17338242007100EF /* SidePanelController.m */; };
		58F9D3031733845D007100EF /* TwitterTabBarController.m in Sources */ = {isa = PBXBuildFile; fileRef = 58F9D3021733845D007100EF /* TwitterTabBarController.m */; };
		58F9D307173387FA007100EF /* JASidePanelController.m in Sources */ = {isa = PBXBuildFile; fileRef = 58F9D2FC1733817C007100EF /* JASidePanelController.m */; };
		58F9D30817338803007100EF /* UIView+extend.m in Sources */ = {isa = PBXBuildFile; fileRef = 58F9D305173384C9007100EF /* UIView+extend.m */; };
		58F9D30A1733886C007100EF /* QuartzCore.framework in Frameworks */ = {isa = PBXBuildFile; fileRef = 58F9D3091733886B007100EF /* QuartzCore.framework */; };
		58F9D31217339211007100EF /* NavigationBarBg.png in Resources */ = {isa = PBXBuildFile; fileRef = 58F9D31017339211007100EF /* NavigationBarBg.png */; };
		58F9D31317339211007100EF /* NavigationBarBg@2x.png in Resources */ = {isa = PBXBuildFile; fileRef = 58F9D31117339211007100EF /* NavigationBarBg@2x.png */; };
		58F9D31B17339A39007100EF /* UIViewController+navi.m in Sources */ = {isa = PBXBuildFile; fileRef = 58F9D31A17339A39007100EF /* UIViewController+navi.m */; };
		58F9D32117339CB4007100EF /* NavigationBarMenuButtonBg@2x.png in Resources */ = {isa = PBXBuildFile; fileRef = 58F9D32017339CB4007100EF /* NavigationBarMenuButtonBg@2x.png */; };
		58F9D32317339CE4007100EF /* NavigationBarMenuButtonBg.png in Resources */ = {isa = PBXBuildFile; fileRef = 58F9D32217339CE4007100EF /* NavigationBarMenuButtonBg.png */; };
		58F9D32617339D2D007100EF /* NavigationBarSettingsButtonBg.png in Resources */ = {isa = PBXBuildFile; fileRef = 58F9D32417339D2D007100EF /* NavigationBarSettingsButtonBg.png */; };
		58F9D32717339D2D007100EF /* NavigationBarSettingsButtonBg@2x.png in Resources */ = {isa = PBXBuildFile; fileRef = 58F9D32517339D2D007100EF /* NavigationBarSettingsButtonBg@2x.png */; };
		58FA24B61734D428004D803D /* NSFilter.m in Sources */ = {isa = PBXBuildFile; fileRef = 58FA24B51734D428004D803D /* NSFilter.m */; };
		58FA24BE1734EDAF004D803D /* rounded-mplus-1p-bold.ttf in Resources */ = {isa = PBXBuildFile; fileRef = 58FA24B81734EDAF004D803D /* rounded-mplus-1p-bold.ttf */; };
		58FA24BF1734EDAF004D803D /* rounded-mplus-1p-heavy.ttf in Resources */ = {isa = PBXBuildFile; fileRef = 58FA24B91734EDAF004D803D /* rounded-mplus-1p-heavy.ttf */; };
		58FA24C01734EDAF004D803D /* rounded-mplus-1p-light.ttf in Resources */ = {isa = PBXBuildFile; fileRef = 58FA24BA1734EDAF004D803D /* rounded-mplus-1p-light.ttf */; };
		58FA24C11734EDAF004D803D /* rounded-mplus-1p-medium.ttf in Resources */ = {isa = PBXBuildFile; fileRef = 58FA24BB1734EDAF004D803D /* rounded-mplus-1p-medium.ttf */; };
		58FA24C21734EDAF004D803D /* rounded-mplus-1p-regular.ttf in Resources */ = {isa = PBXBuildFile; fileRef = 58FA24BC1734EDAF004D803D /* rounded-mplus-1p-regular.ttf */; };
		58FA24C31734EDAF004D803D /* rounded-mplus-1p-thin.ttf in Resources */ = {isa = PBXBuildFile; fileRef = 58FA24BD1734EDAF004D803D /* rounded-mplus-1p-thin.ttf */; };
		58FCA5CA173BA55800B3DCEE /* close.png in Resources */ = {isa = PBXBuildFile; fileRef = 58FCA5C8173BA55800B3DCEE /* close.png */; };
		58FCA5CB173BA55800B3DCEE /* close@2x.png in Resources */ = {isa = PBXBuildFile; fileRef = 58FCA5C9173BA55800B3DCEE /* close@2x.png */; };
		58FCA5CD173BA6DF00B3DCEE /* placeholder.png in Resources */ = {isa = PBXBuildFile; fileRef = 58FCA5CC173BA6DF00B3DCEE /* placeholder.png */; };
		58FCF3CE17314752000E382D /* UIKit.framework in Frameworks */ = {isa = PBXBuildFile; fileRef = 58FCF3CD17314752000E382D /* UIKit.framework */; };
		58FCF3D017314752000E382D /* Foundation.framework in Frameworks */ = {isa = PBXBuildFile; fileRef = 58FCF3CF17314752000E382D /* Foundation.framework */; };
		58FCF3D217314752000E382D /* CoreGraphics.framework in Frameworks */ = {isa = PBXBuildFile; fileRef = 58FCF3D117314752000E382D /* CoreGraphics.framework */; };
		58FCF3D817314752000E382D /* InfoPlist.strings in Resources */ = {isa = PBXBuildFile; fileRef = 58FCF3D617314752000E382D /* InfoPlist.strings */; };
		58FCF3DA17314752000E382D /* main.m in Sources */ = {isa = PBXBuildFile; fileRef = 58FCF3D917314752000E382D /* main.m */; };
		58FCF3DE17314752000E382D /* AppDelegate.m in Sources */ = {isa = PBXBuildFile; fileRef = 58FCF3DD17314752000E382D /* AppDelegate.m */; };
		58FCF3F8173150F3000E382D /* UIDevice+resolution.m in Sources */ = {isa = PBXBuildFile; fileRef = 58FCF3F7173150F3000E382D /* UIDevice+resolution.m */; };
		58FCF3FC17315EB6000E382D /* UITwitterScrollView.m in Sources */ = {isa = PBXBuildFile; fileRef = 58FCF3FB17315EB6000E382D /* UITwitterScrollView.m */; };
		58FCF401173162CB000E382D /* UIColor+twitter.m in Sources */ = {isa = PBXBuildFile; fileRef = 58FCF400173162CB000E382D /* UIColor+twitter.m */; };
		58FD57BA173CF3E2001C4B8E /* UIFlatButtonCreator.m in Sources */ = {isa = PBXBuildFile; fileRef = 58FD57B9173CF3E2001C4B8E /* UIFlatButtonCreator.m */; };
		58FD57BD173CF7CF001C4B8E /* UIFlatBUtton.m in Sources */ = {isa = PBXBuildFile; fileRef = 58FD57BC173CF7CF001C4B8E /* UIFlatBUtton.m */; };
		58FDE7AC1741104D0013CF4E /* Default-568h@2x.png in Resources */ = {isa = PBXBuildFile; fileRef = 58FDE7A91741104D0013CF4E /* Default-568h@2x.png */; };
		58FDE7AD1741104D0013CF4E /* Default.png in Resources */ = {isa = PBXBuildFile; fileRef = 58FDE7AA1741104D0013CF4E /* Default.png */; };
		58FDE7AE1741104D0013CF4E /* Default@2x.png in Resources */ = {isa = PBXBuildFile; fileRef = 58FDE7AB1741104D0013CF4E /* Default@2x.png */; };
		58FDE7B1174123370013CF4E /* Crashlytics.framework in Frameworks */ = {isa = PBXBuildFile; fileRef = 58FDE7B0174123370013CF4E /* Crashlytics.framework */; };
		58FDEDC71733BF01000C037A /* UIStatusView.m in Sources */ = {isa = PBXBuildFile; fileRef = 58FDEDC61733BF01000C037A /* UIStatusView.m */; };
		58FDEDCB1733C023000C037A /* NSStatus.m in Sources */ = {isa = PBXBuildFile; fileRef = 58FDEDCA1733C023000C037A /* NSStatus.m */; };
		58FDEDCE1733C1DF000C037A /* NSStatusUser.m in Sources */ = {isa = PBXBuildFile; fileRef = 58FDEDCD1733C1DF000C037A /* NSStatusUser.m */; };
		58FDEDD11733C2DB000C037A /* NSStatusPhoto.m in Sources */ = {isa = PBXBuildFile; fileRef = 58FDEDD01733C2DB000C037A /* NSStatusPhoto.m */; };
		58FDEDD41733F814000C037A /* TwitterTimelineViewController.m in Sources */ = {isa = PBXBuildFile; fileRef = 58FDEDD31733F814000C037A /* TwitterTimelineViewController.m */; };
		58FDEDD71734095D000C037A /* NSRequestParams.m in Sources */ = {isa = PBXBuildFile; fileRef = 58FDEDD61734095C000C037A /* NSRequestParams.m */; };
		58FDEDDA17340A10000C037A /* NSTrendApi.m in Sources */ = {isa = PBXBuildFile; fileRef = 58FDEDD917340A0F000C037A /* NSTrendApi.m */; };
		58FDEDDE17340B15000C037A /* TwitterTimelineViewStatusesModel.m in Sources */ = {isa = PBXBuildFile; fileRef = 58FDEDDD17340B15000C037A /* TwitterTimelineViewStatusesModel.m */; };
/* End PBXBuildFile section */

/* Begin PBXFileReference section */
		5800AA5C1746569000570EBF /* UIFilterKnobView.h */ = {isa = PBXFileReference; fileEncoding = 4; lastKnownFileType = sourcecode.c.h; path = UIFilterKnobView.h; sourceTree = "<group>"; };
		5800AA5D1746569000570EBF /* UIFilterKnobView.m */ = {isa = PBXFileReference; fileEncoding = 4; lastKnownFileType = sourcecode.c.objc; path = UIFilterKnobView.m; sourceTree = "<group>"; };
		58018B01173E04920084FC51 /* UIStatusUserButton.h */ = {isa = PBXFileReference; fileEncoding = 4; lastKnownFileType = sourcecode.c.h; path = UIStatusUserButton.h; sourceTree = "<group>"; };
		58018B02173E04920084FC51 /* UIStatusUserButton.m */ = {isa = PBXFileReference; fileEncoding = 4; lastKnownFileType = sourcecode.c.objc; path = UIStatusUserButton.m; sourceTree = "<group>"; };
		58018B07173E0FE00084FC51 /* UIBlackAlertView.h */ = {isa = PBXFileReference; fileEncoding = 4; lastKnownFileType = sourcecode.c.h; path = UIBlackAlertView.h; sourceTree = "<group>"; };
		58018B08173E0FE00084FC51 /* UIBlackAlertView.m */ = {isa = PBXFileReference; fileEncoding = 4; lastKnownFileType = sourcecode.c.objc; path = UIBlackAlertView.m; sourceTree = "<group>"; };
		580241EE1736644900C64E28 /* UITwitterScrollHeaderView.h */ = {isa = PBXFileReference; fileEncoding = 4; lastKnownFileType = sourcecode.c.h; path = UITwitterScrollHeaderView.h; sourceTree = "<group>"; };
		580241EF1736644900C64E28 /* UITwitterScrollHeaderView.m */ = {isa = PBXFileReference; fileEncoding = 4; lastKnownFileType = sourcecode.c.objc; path = UITwitterScrollHeaderView.m; sourceTree = "<group>"; };
		580241F2173697E500C64E28 /* ImageZoomViewController.h */ = {isa = PBXFileReference; fileEncoding = 4; lastKnownFileType = sourcecode.c.h; path = ImageZoomViewController.h; sourceTree = "<group>"; };
		580241F3173697E500C64E28 /* ImageZoomViewController.m */ = {isa = PBXFileReference; fileEncoding = 4; lastKnownFileType = sourcecode.c.objc; path = ImageZoomViewController.m; sourceTree = "<group>"; };
		580409BA173619B00028EAD4 /* SideViewController.h */ = {isa = PBXFileReference; fileEncoding = 4; lastKnownFileType = sourcecode.c.h; path = SideViewController.h; sourceTree = "<group>"; };
		580409BB173619B00028EAD4 /* SideViewController.m */ = {isa = PBXFileReference; fileEncoding = 4; lastKnownFileType = sourcecode.c.objc; path = SideViewController.m; sourceTree = "<group>"; };
		580409BE173639ED0028EAD4 /* SVProgressHUD.bundle */ = {isa = PBXFileReference; lastKnownFileType = "wrapper.plug-in"; path = SVProgressHUD.bundle; sourceTree = "<group>"; };
		580409BF173639ED0028EAD4 /* SVProgressHUD.h */ = {isa = PBXFileReference; fileEncoding = 4; lastKnownFileType = sourcecode.c.h; path = SVProgressHUD.h; sourceTree = "<group>"; };
		580409C0173639ED0028EAD4 /* SVProgressHUD.m */ = {isa = PBXFileReference; fileEncoding = 4; lastKnownFileType = sourcecode.c.objc; path = SVProgressHUD.m; sourceTree = "<group>"; };
		5804D27F173F53790000B03B /* NSEnduserRegistration.h */ = {isa = PBXFileReference; fileEncoding = 4; lastKnownFileType = sourcecode.c.h; path = NSEnduserRegistration.h; sourceTree = "<group>"; };
		5804D280173F53790000B03B /* NSEnduserRegistration.m */ = {isa = PBXFileReference; fileEncoding = 4; lastKnownFileType = sourcecode.c.objc; path = NSEnduserRegistration.m; sourceTree = "<group>"; };
		5804D284173F66AF0000B03B /* Filters.sqlite */ = {isa = PBXFileReference; lastKnownFileType = file; path = Filters.sqlite; sourceTree = "<group>"; };
		5804D287173F67390000B03B /* FMDatabase.h */ = {isa = PBXFileReference; fileEncoding = 4; lastKnownFileType = sourcecode.c.h; path = FMDatabase.h; sourceTree = "<group>"; };
		5804D288173F67390000B03B /* FMDatabase.m */ = {isa = PBXFileReference; fileEncoding = 4; lastKnownFileType = sourcecode.c.objc; path = FMDatabase.m; sourceTree = "<group>"; };
		5804D289173F67390000B03B /* FMDatabaseAdditions.h */ = {isa = PBXFileReference; fileEncoding = 4; lastKnownFileType = sourcecode.c.h; path = FMDatabaseAdditions.h; sourceTree = "<group>"; };
		5804D28A173F67390000B03B /* FMDatabaseAdditions.m */ = {isa = PBXFileReference; fileEncoding = 4; lastKnownFileType = sourcecode.c.objc; path = FMDatabaseAdditions.m; sourceTree = "<group>"; };
		5804D28B173F67390000B03B /* FMDatabasePool.h */ = {isa = PBXFileReference; fileEncoding = 4; lastKnownFileType = sourcecode.c.h; path = FMDatabasePool.h; sourceTree = "<group>"; };
		5804D28C173F67390000B03B /* FMDatabasePool.m */ = {isa = PBXFileReference; fileEncoding = 4; lastKnownFileType = sourcecode.c.objc; path = FMDatabasePool.m; sourceTree = "<group>"; };
		5804D28D173F67390000B03B /* FMDatabaseQueue.h */ = {isa = PBXFileReference; fileEncoding = 4; lastKnownFileType = sourcecode.c.h; path = FMDatabaseQueue.h; sourceTree = "<group>"; };
		5804D28E173F67390000B03B /* FMDatabaseQueue.m */ = {isa = PBXFileReference; fileEncoding = 4; lastKnownFileType = sourcecode.c.objc; path = FMDatabaseQueue.m; sourceTree = "<group>"; };
		5804D28F173F67390000B03B /* FMResultSet.h */ = {isa = PBXFileReference; fileEncoding = 4; lastKnownFileType = sourcecode.c.h; path = FMResultSet.h; sourceTree = "<group>"; };
		5804D290173F67390000B03B /* FMResultSet.m */ = {isa = PBXFileReference; fileEncoding = 4; lastKnownFileType = sourcecode.c.objc; path = FMResultSet.m; sourceTree = "<group>"; };
		5804D296173F71800000B03B /* libsqlite3.0.dylib */ = {isa = PBXFileReference; lastKnownFileType = "compiled.mach-o.dylib"; name = libsqlite3.0.dylib; path = usr/lib/libsqlite3.0.dylib; sourceTree = SDKROOT; };
		5804D298173F8ED10000B03B /* NSEnduserFetched.h */ = {isa = PBXFileReference; fileEncoding = 4; lastKnownFileType = sourcecode.c.h; path = NSEnduserFetched.h; sourceTree = "<group>"; };
		5804D299173F8ED10000B03B /* NSEnduserFetched.m */ = {isa = PBXFileReference; fileEncoding = 4; lastKnownFileType = sourcecode.c.objc; path = NSEnduserFetched.m; sourceTree = "<group>"; };
		5806169B1742761100D2AB37 /* UISettingsCellView.h */ = {isa = PBXFileReference; fileEncoding = 4; lastKnownFileType = sourcecode.c.h; path = UISettingsCellView.h; sourceTree = "<group>"; };
		5806169C1742761100D2AB37 /* UISettingsCellView.m */ = {isa = PBXFileReference; fileEncoding = 4; lastKnownFileType = sourcecode.c.objc; path = UISettingsCellView.m; sourceTree = "<group>"; };
		5809EB8C1743BBCB008DC7DA /* UIFilterView.h */ = {isa = PBXFileReference; fileEncoding = 4; lastKnownFileType = sourcecode.c.h; path = UIFilterView.h; sourceTree = "<group>"; };
		5809EB8D1743BBCB008DC7DA /* UIFilterView.m */ = {isa = PBXFileReference; fileEncoding = 4; lastKnownFileType = sourcecode.c.objc; path = UIFilterView.m; sourceTree = "<group>"; };
		5809EB901743C25B008DC7DA /* UIFilterInnerShadowView.h */ = {isa = PBXFileReference; fileEncoding = 4; lastKnownFileType = sourcecode.c.h; path = UIFilterInnerShadowView.h; sourceTree = "<group>"; };
		5809EB911743C25B008DC7DA /* UIFilterInnerShadowView.m */ = {isa = PBXFileReference; fileEncoding = 4; lastKnownFileType = sourcecode.c.objc; path = UIFilterInnerShadowView.m; sourceTree = "<group>"; };
		5809EB931743D2B2008DC7DA /* UIFilterBarBaseView.h */ = {isa = PBXFileReference; fileEncoding = 4; lastKnownFileType = sourcecode.c.h; path = UIFilterBarBaseView.h; sourceTree = "<group>"; };
		5809EB941743D2B2008DC7DA /* UIFilterBarBaseView.m */ = {isa = PBXFileReference; fileEncoding = 4; lastKnownFileType = sourcecode.c.objc; path = UIFilterBarBaseView.m; sourceTree = "<group>"; };
		5809EB961743D3F8008DC7DA /* UIFilterSliderView.h */ = {isa = PBXFileReference; fileEncoding = 4; lastKnownFileType = sourcecode.c.h; path = UIFilterSliderView.h; sourceTree = "<group>"; };
		5809EB971743D3F8008DC7DA /* UIFilterSliderView.m */ = {isa = PBXFileReference; fileEncoding = 4; lastKnownFileType = sourcecode.c.objc; path = UIFilterSliderView.m; sourceTree = "<group>"; };
		580CEEBB173BD2F90050470F /* Icon-72.png */ = {isa = PBXFileReference; lastKnownFileType = image.png; path = "Icon-72.png"; sourceTree = "<group>"; };
		580CEEBC173BD2F90050470F /* Icon-Small-50.png */ = {isa = PBXFileReference; lastKnownFileType = image.png; path = "Icon-Small-50.png"; sourceTree = "<group>"; };
		580CEEBD173BD2F90050470F /* Icon-Small.png */ = {isa = PBXFileReference; lastKnownFileType = image.png; path = "Icon-Small.png"; sourceTree = "<group>"; };
		580CEEBE173BD2F90050470F /* Icon-Small@2x.png */ = {isa = PBXFileReference; lastKnownFileType = image.png; path = "Icon-Small@2x.png"; sourceTree = "<group>"; };
		580CEEBF173BD2F90050470F /* Icon.png */ = {isa = PBXFileReference; lastKnownFileType = image.png; path = Icon.png; sourceTree = "<group>"; };
		580CEEC0173BD2F90050470F /* Icon@2x.png */ = {isa = PBXFileReference; lastKnownFileType = image.png; path = "Icon@2x.png"; sourceTree = "<group>"; };
		580FBE371732B66F00D57341 /* UITwitterBackgroundView.h */ = {isa = PBXFileReference; fileEncoding = 4; lastKnownFileType = sourcecode.c.h; path = UITwitterBackgroundView.h; sourceTree = "<group>"; };
		580FBE381732B66F00D57341 /* UITwitterBackgroundView.m */ = {isa = PBXFileReference; fileEncoding = 4; lastKnownFileType = sourcecode.c.objc; path = UITwitterBackgroundView.m; sourceTree = "<group>"; };
		580FBE3A1732B6DE00D57341 /* UIScreen+twitter.h */ = {isa = PBXFileReference; fileEncoding = 4; lastKnownFileType = sourcecode.c.h; path = "UIScreen+twitter.h"; sourceTree = "<group>"; };
		580FBE3B1732B6DE00D57341 /* UIScreen+twitter.m */ = {isa = PBXFileReference; fileEncoding = 4; lastKnownFileType = sourcecode.c.objc; path = "UIScreen+twitter.m"; sourceTree = "<group>"; };
		581175A4174784310077A709 /* Open.png */ = {isa = PBXFileReference; lastKnownFileType = image.png; path = Open.png; sourceTree = "<group>"; };
		581175A5174784310077A709 /* Open@2x.png */ = {isa = PBXFileReference; lastKnownFileType = image.png; path = "Open@2x.png"; sourceTree = "<group>"; };
		581175A8174784660077A709 /* UIStatusOpenButton.h */ = {isa = PBXFileReference; fileEncoding = 4; lastKnownFileType = sourcecode.c.h; path = UIStatusOpenButton.h; sourceTree = "<group>"; };
		581175A9174784660077A709 /* UIStatusOpenButton.m */ = {isa = PBXFileReference; fileEncoding = 4; lastKnownFileType = sourcecode.c.objc; path = UIStatusOpenButton.m; sourceTree = "<group>"; };
		583E92F4173E2E5F00F7D3A7 /* TwitterTimelineViewDeveloperModel.h */ = {isa = PBXFileReference; fileEncoding = 4; lastKnownFileType = sourcecode.c.h; path = TwitterTimelineViewDeveloperModel.h; sourceTree = "<group>"; };
		583E92F5173E2E5F00F7D3A7 /* TwitterTimelineViewDeveloperModel.m */ = {isa = PBXFileReference; fileEncoding = 4; lastKnownFileType = sourcecode.c.objc; path = TwitterTimelineViewDeveloperModel.m; sourceTree = "<group>"; };
		583E92F7173E581300F7D3A7 /* NSEnduserData.h */ = {isa = PBXFileReference; fileEncoding = 4; lastKnownFileType = sourcecode.c.h; path = NSEnduserData.h; sourceTree = "<group>"; };
		583E92F8173E581400F7D3A7 /* NSEnduserData.m */ = {isa = PBXFileReference; fileEncoding = 4; lastKnownFileType = sourcecode.c.objc; path = NSEnduserData.m; sourceTree = "<group>"; };
		583E92FA173E7F7200F7D3A7 /* TwitterTimelineViewEnduserModel.h */ = {isa = PBXFileReference; fileEncoding = 4; lastKnownFileType = sourcecode.c.h; path = TwitterTimelineViewEnduserModel.h; sourceTree = "<group>"; };
		583E92FB173E7F7200F7D3A7 /* TwitterTimelineViewEnduserModel.m */ = {isa = PBXFileReference; fileEncoding = 4; lastKnownFileType = sourcecode.c.objc; path = TwitterTimelineViewEnduserModel.m; sourceTree = "<group>"; };
		588DECA31748C46900FC43C1 /* UICellButton.h */ = {isa = PBXFileReference; fileEncoding = 4; lastKnownFileType = sourcecode.c.h; path = UICellButton.h; sourceTree = "<group>"; };
		588DECA41748C46900FC43C1 /* UICellButton.m */ = {isa = PBXFileReference; fileEncoding = 4; lastKnownFileType = sourcecode.c.objc; path = UICellButton.m; sourceTree = "<group>"; };
		588DECA81748D24E00FC43C1 /* NGWordViewController.h */ = {isa = PBXFileReference; fileEncoding = 4; lastKnownFileType = sourcecode.c.h; path = NGWordViewController.h; sourceTree = "<group>"; };
		588DECA91748D24E00FC43C1 /* NGWordViewController.m */ = {isa = PBXFileReference; fileEncoding = 4; lastKnownFileType = sourcecode.c.objc; path = NGWordViewController.m; sourceTree = "<group>"; };
		588DECAB1748D25C00FC43C1 /* NonDisplayUsersViewController.h */ = {isa = PBXFileReference; fileEncoding = 4; lastKnownFileType = sourcecode.c.h; path = NonDisplayUsersViewController.h; sourceTree = "<group>"; };
		588DECAC1748D25C00FC43C1 /* NonDisplayUsersViewController.m */ = {isa = PBXFileReference; fileEncoding = 4; lastKnownFileType = sourcecode.c.objc; path = NonDisplayUsersViewController.m; sourceTree = "<group>"; };
		588DECC71748EE6E00FC43C1 /* NavigationBarMenuButtonBgWithOuterShadow2@2x.png */ = {isa = PBXFileReference; lastKnownFileType = image.png; path = "NavigationBarMenuButtonBgWithOuterShadow2@2x.png"; sourceTree = "<group>"; };
		588DECC91748F04A00FC43C1 /* NavigationBarBackButtonBg.png */ = {isa = PBXFileReference; lastKnownFileType = image.png; path = NavigationBarBackButtonBg.png; sourceTree = "<group>"; };
		588DECCA1748F04A00FC43C1 /* NavigationBarBackButtonBg@2x.png */ = {isa = PBXFileReference; lastKnownFileType = image.png; path = "NavigationBarBackButtonBg@2x.png"; sourceTree = "<group>"; };
		58BB6747173FDFDF00D17669 /* HelpViewController.h */ = {isa = PBXFileReference; fileEncoding = 4; lastKnownFileType = sourcecode.c.h; path = HelpViewController.h; sourceTree = "<group>"; };
		58BB6748173FDFDF00D17669 /* HelpViewController.m */ = {isa = PBXFileReference; fileEncoding = 4; lastKnownFileType = sourcecode.c.objc; path = HelpViewController.m; sourceTree = "<group>"; };
		58BB674B173FDFF300D17669 /* ReportViewController.h */ = {isa = PBXFileReference; fileEncoding = 4; lastKnownFileType = sourcecode.c.h; path = ReportViewController.h; sourceTree = "<group>"; };
		58BB674C173FDFF300D17669 /* ReportViewController.m */ = {isa = PBXFileReference; fileEncoding = 4; lastKnownFileType = sourcecode.c.objc; path = ReportViewController.m; sourceTree = "<group>"; };
		58BB674F173FE00400D17669 /* PremiumViewController.h */ = {isa = PBXFileReference; fileEncoding = 4; lastKnownFileType = sourcecode.c.h; path = PremiumViewController.h; sourceTree = "<group>"; };
		58BB6750173FE00400D17669 /* PremiumViewController.m */ = {isa = PBXFileReference; fileEncoding = 4; lastKnownFileType = sourcecode.c.objc; path = PremiumViewController.m; sourceTree = "<group>"; };
		58C457C8174A55EC00E5B0EE /* NavigationBarBgTextured2@2x.png */ = {isa = PBXFileReference; lastKnownFileType = image.png; path = "NavigationBarBgTextured2@2x.png"; sourceTree = "<group>"; };
		58C457CA174A5C8C00E5B0EE /* NSFilterUsersFullData.h */ = {isa = PBXFileReference; fileEncoding = 4; lastKnownFileType = sourcecode.c.h; path = NSFilterUsersFullData.h; sourceTree = "<group>"; };
		58C457CB174A5C8C00E5B0EE /* NSFilterUsersFullData.m */ = {isa = PBXFileReference; fileEncoding = 4; lastKnownFileType = sourcecode.c.objc; path = NSFilterUsersFullData.m; sourceTree = "<group>"; };
		58F3E337173FBA5600896C82 /* DCRoundSwitch.h */ = {isa = PBXFileReference; fileEncoding = 4; lastKnownFileType = sourcecode.c.h; path = DCRoundSwitch.h; sourceTree = "<group>"; };
		58F3E338173FBA5600896C82 /* DCRoundSwitch.m */ = {isa = PBXFileReference; fileEncoding = 4; lastKnownFileType = sourcecode.c.objc; path = DCRoundSwitch.m; sourceTree = "<group>"; };
		58F3E339173FBA5600896C82 /* DCRoundSwitchKnobLayer.h */ = {isa = PBXFileReference; fileEncoding = 4; lastKnownFileType = sourcecode.c.h; path = DCRoundSwitchKnobLayer.h; sourceTree = "<group>"; };
		58F3E33A173FBA5600896C82 /* DCRoundSwitchKnobLayer.m */ = {isa = PBXFileReference; fileEncoding = 4; lastKnownFileType = sourcecode.c.objc; path = DCRoundSwitchKnobLayer.m; sourceTree = "<group>"; };
		58F3E33B173FBA5600896C82 /* DCRoundSwitchOutlineLayer.h */ = {isa = PBXFileReference; fileEncoding = 4; lastKnownFileType = sourcecode.c.h; path = DCRoundSwitchOutlineLayer.h; sourceTree = "<group>"; };
		58F3E33C173FBA5600896C82 /* DCRoundSwitchOutlineLayer.m */ = {isa = PBXFileReference; fileEncoding = 4; lastKnownFileType = sourcecode.c.objc; path = DCRoundSwitchOutlineLayer.m; sourceTree = "<group>"; };
		58F3E33D173FBA5600896C82 /* DCRoundSwitchToggleLayer.h */ = {isa = PBXFileReference; fileEncoding = 4; lastKnownFileType = sourcecode.c.h; path = DCRoundSwitchToggleLayer.h; sourceTree = "<group>"; };
		58F3E33E173FBA5600896C82 /* DCRoundSwitchToggleLayer.m */ = {isa = PBXFileReference; fileEncoding = 4; lastKnownFileType = sourcecode.c.objc; path = DCRoundSwitchToggleLayer.m; sourceTree = "<group>"; };
		58F5429517379269006C1FB2 /* SideMenuBg-568h@2x.png */ = {isa = PBXFileReference; lastKnownFileType = image.png; path = "SideMenuBg-568h@2x.png"; sourceTree = "<group>"; };
		58F5429617379269006C1FB2 /* SideMenuBg.png */ = {isa = PBXFileReference; lastKnownFileType = image.png; path = SideMenuBg.png; sourceTree = "<group>"; };
		58F5429717379269006C1FB2 /* SideMenuBg@2x.png */ = {isa = PBXFileReference; lastKnownFileType = image.png; path = "SideMenuBg@2x.png"; sourceTree = "<group>"; };
		58F5429C1737981F006C1FB2 /* UISideMenuHeaderView.h */ = {isa = PBXFileReference; fileEncoding = 4; lastKnownFileType = sourcecode.c.h; path = UISideMenuHeaderView.h; sourceTree = "<group>"; };
		58F5429D1737981F006C1FB2 /* UISideMenuHeaderView.m */ = {isa = PBXFileReference; fileEncoding = 4; lastKnownFileType = sourcecode.c.objc; path = UISideMenuHeaderView.m; sourceTree = "<group>"; };
		58F5429F1737A499006C1FB2 /* UISideMenuButton.h */ = {isa = PBXFileReference; fileEncoding = 4; lastKnownFileType = sourcecode.c.h; path = UISideMenuButton.h; sourceTree = "<group>"; };
		58F542A01737A499006C1FB2 /* UISideMenuButton.m */ = {isa = PBXFileReference; fileEncoding = 4; lastKnownFileType = sourcecode.c.objc; path = UISideMenuButton.m; sourceTree = "<group>"; };
		58F542A21737ACB1006C1FB2 /* UISideMenuSeparatorView.h */ = {isa = PBXFileReference; fileEncoding = 4; lastKnownFileType = sourcecode.c.h; path = UISideMenuSeparatorView.h; sourceTree = "<group>"; };
		58F542A31737ACB1006C1FB2 /* UISideMenuSeparatorView.m */ = {isa = PBXFileReference; fileEncoding = 4; lastKnownFileType = sourcecode.c.objc; path = UISideMenuSeparatorView.m; sourceTree = "<group>"; };
		58F542A51737E598006C1FB2 /* NSMenuItem.h */ = {isa = PBXFileReference; fileEncoding = 4; lastKnownFileType = sourcecode.c.h; path = NSMenuItem.h; sourceTree = "<group>"; };
		58F542A61737E598006C1FB2 /* NSMenuItem.m */ = {isa = PBXFileReference; fileEncoding = 4; lastKnownFileType = sourcecode.c.objc; path = NSMenuItem.m; sourceTree = "<group>"; };
		58F633CD173F962400673AA8 /* SettingsViewController.h */ = {isa = PBXFileReference; fileEncoding = 4; lastKnownFileType = sourcecode.c.h; path = SettingsViewController.h; sourceTree = "<group>"; };
		58F633CE173F962400673AA8 /* SettingsViewController.m */ = {isa = PBXFileReference; fileEncoding = 4; lastKnownFileType = sourcecode.c.objc; path = SettingsViewController.m; sourceTree = "<group>"; };
		58F7BA86173546F40012AAEC /* JMImageCache.h */ = {isa = PBXFileReference; fileEncoding = 4; lastKnownFileType = sourcecode.c.h; path = JMImageCache.h; sourceTree = "<group>"; };
		58F7BA87173546F40012AAEC /* JMImageCache.m */ = {isa = PBXFileReference; fileEncoding = 4; lastKnownFileType = sourcecode.c.objc; path = JMImageCache.m; sourceTree = "<group>"; };
		58F7BA88173546F40012AAEC /* UIImageView+JMImageCache.h */ = {isa = PBXFileReference; fileEncoding = 4; lastKnownFileType = sourcecode.c.h; path = "UIImageView+JMImageCache.h"; sourceTree = "<group>"; };
		58F7BA89173546F40012AAEC /* UIImageView+JMImageCache.m */ = {isa = PBXFileReference; fileEncoding = 4; lastKnownFileType = sourcecode.c.objc; path = "UIImageView+JMImageCache.m"; sourceTree = "<group>"; };
		58F9D2F617337CB6007100EF /* TwitterNavigationController.h */ = {isa = PBXFileReference; fileEncoding = 4; lastKnownFileType = sourcecode.c.h; path = TwitterNavigationController.h; sourceTree = "<group>"; };
		58F9D2F717337CB6007100EF /* TwitterNavigationController.m */ = {isa = PBXFileReference; fileEncoding = 4; lastKnownFileType = sourcecode.c.objc; path = TwitterNavigationController.m; sourceTree = "<group>"; };
		58F9D2FB1733817C007100EF /* JASidePanelController.h */ = {isa = PBXFileReference; lastKnownFileType = sourcecode.c.h; path = JASidePanelController.h; sourceTree = "<group>"; };
		58F9D2FC1733817C007100EF /* JASidePanelController.m */ = {isa = PBXFileReference; lastKnownFileType = sourcecode.c.objc; path = JASidePanelController.m; sourceTree = "<group>"; };
		58F9D2FD17338242007100EF /* SidePanelController.h */ = {isa = PBXFileReference; fileEncoding = 4; lastKnownFileType = sourcecode.c.h; path = SidePanelController.h; sourceTree = "<group>"; };
		58F9D2FE17338242007100EF /* SidePanelController.m */ = {isa = PBXFileReference; fileEncoding = 4; lastKnownFileType = sourcecode.c.objc; path = SidePanelController.m; sourceTree = "<group>"; };
		58F9D3011733845D007100EF /* TwitterTabBarController.h */ = {isa = PBXFileReference; fileEncoding = 4; lastKnownFileType = sourcecode.c.h; path = TwitterTabBarController.h; sourceTree = "<group>"; };
		58F9D3021733845D007100EF /* TwitterTabBarController.m */ = {isa = PBXFileReference; fileEncoding = 4; lastKnownFileType = sourcecode.c.objc; path = TwitterTabBarController.m; sourceTree = "<group>"; };
		58F9D304173384C9007100EF /* UIView+extend.h */ = {isa = PBXFileReference; lastKnownFileType = sourcecode.c.h; path = "UIView+extend.h"; sourceTree = "<group>"; };
		58F9D305173384C9007100EF /* UIView+extend.m */ = {isa = PBXFileReference; lastKnownFileType = sourcecode.c.objc; path = "UIView+extend.m"; sourceTree = "<group>"; };
		58F9D3091733886B007100EF /* QuartzCore.framework */ = {isa = PBXFileReference; lastKnownFileType = wrapper.framework; name = QuartzCore.framework; path = System/Library/Frameworks/QuartzCore.framework; sourceTree = SDKROOT; };
		58F9D31017339211007100EF /* NavigationBarBg.png */ = {isa = PBXFileReference; lastKnownFileType = image.png; path = NavigationBarBg.png; sourceTree = "<group>"; };
		58F9D31117339211007100EF /* NavigationBarBg@2x.png */ = {isa = PBXFileReference; lastKnownFileType = image.png; path = "NavigationBarBg@2x.png"; sourceTree = "<group>"; };
		58F9D31917339A39007100EF /* UIViewController+navi.h */ = {isa = PBXFileReference; fileEncoding = 4; lastKnownFileType = sourcecode.c.h; path = "UIViewController+navi.h"; sourceTree = "<group>"; };
		58F9D31A17339A39007100EF /* UIViewController+navi.m */ = {isa = PBXFileReference; fileEncoding = 4; lastKnownFileType = sourcecode.c.objc; path = "UIViewController+navi.m"; sourceTree = "<group>"; };
		58F9D32017339CB4007100EF /* NavigationBarMenuButtonBg@2x.png */ = {isa = PBXFileReference; lastKnownFileType = image.png; path = "NavigationBarMenuButtonBg@2x.png"; sourceTree = "<group>"; };
		58F9D32217339CE4007100EF /* NavigationBarMenuButtonBg.png */ = {isa = PBXFileReference; lastKnownFileType = image.png; path = NavigationBarMenuButtonBg.png; sourceTree = "<group>"; };
		58F9D32417339D2D007100EF /* NavigationBarSettingsButtonBg.png */ = {isa = PBXFileReference; lastKnownFileType = image.png; path = NavigationBarSettingsButtonBg.png; sourceTree = "<group>"; };
		58F9D32517339D2D007100EF /* NavigationBarSettingsButtonBg@2x.png */ = {isa = PBXFileReference; lastKnownFileType = image.png; path = "NavigationBarSettingsButtonBg@2x.png"; sourceTree = "<group>"; };
		58FA24B41734D428004D803D /* NSFilter.h */ = {isa = PBXFileReference; fileEncoding = 4; lastKnownFileType = sourcecode.c.h; path = NSFilter.h; sourceTree = "<group>"; };
		58FA24B51734D428004D803D /* NSFilter.m */ = {isa = PBXFileReference; fileEncoding = 4; lastKnownFileType = sourcecode.c.objc; path = NSFilter.m; sourceTree = "<group>"; };
		58FA24B81734EDAF004D803D /* rounded-mplus-1p-bold.ttf */ = {isa = PBXFileReference; lastKnownFileType = file; path = "rounded-mplus-1p-bold.ttf"; sourceTree = "<group>"; };
		58FA24B91734EDAF004D803D /* rounded-mplus-1p-heavy.ttf */ = {isa = PBXFileReference; lastKnownFileType = file; path = "rounded-mplus-1p-heavy.ttf"; sourceTree = "<group>"; };
		58FA24BA1734EDAF004D803D /* rounded-mplus-1p-light.ttf */ = {isa = PBXFileReference; lastKnownFileType = file; path = "rounded-mplus-1p-light.ttf"; sourceTree = "<group>"; };
		58FA24BB1734EDAF004D803D /* rounded-mplus-1p-medium.ttf */ = {isa = PBXFileReference; lastKnownFileType = file; path = "rounded-mplus-1p-medium.ttf"; sourceTree = "<group>"; };
		58FA24BC1734EDAF004D803D /* rounded-mplus-1p-regular.ttf */ = {isa = PBXFileReference; lastKnownFileType = file; path = "rounded-mplus-1p-regular.ttf"; sourceTree = "<group>"; };
		58FA24BD1734EDAF004D803D /* rounded-mplus-1p-thin.ttf */ = {isa = PBXFileReference; lastKnownFileType = file; path = "rounded-mplus-1p-thin.ttf"; sourceTree = "<group>"; };
		58FCA5C8173BA55800B3DCEE /* close.png */ = {isa = PBXFileReference; lastKnownFileType = image.png; path = close.png; sourceTree = "<group>"; };
		58FCA5C9173BA55800B3DCEE /* close@2x.png */ = {isa = PBXFileReference; lastKnownFileType = image.png; path = "close@2x.png"; sourceTree = "<group>"; };
		58FCA5CC173BA6DF00B3DCEE /* placeholder.png */ = {isa = PBXFileReference; lastKnownFileType = image.png; path = placeholder.png; sourceTree = "<group>"; };
		58FCF3CA17314752000E382D /* TwitterTrend.app */ = {isa = PBXFileReference; explicitFileType = wrapper.application; includeInIndex = 0; path = TwitterTrend.app; sourceTree = BUILT_PRODUCTS_DIR; };
		58FCF3CD17314752000E382D /* UIKit.framework */ = {isa = PBXFileReference; lastKnownFileType = wrapper.framework; name = UIKit.framework; path = System/Library/Frameworks/UIKit.framework; sourceTree = SDKROOT; };
		58FCF3CF17314752000E382D /* Foundation.framework */ = {isa = PBXFileReference; lastKnownFileType = wrapper.framework; name = Foundation.framework; path = System/Library/Frameworks/Foundation.framework; sourceTree = SDKROOT; };
		58FCF3D117314752000E382D /* CoreGraphics.framework */ = {isa = PBXFileReference; lastKnownFileType = wrapper.framework; name = CoreGraphics.framework; path = System/Library/Frameworks/CoreGraphics.framework; sourceTree = SDKROOT; };
		58FCF3D517314752000E382D /* TwitterTrend-Info.plist */ = {isa = PBXFileReference; lastKnownFileType = text.plist.xml; path = "TwitterTrend-Info.plist"; sourceTree = "<group>"; };
		58FCF3D717314752000E382D /* en */ = {isa = PBXFileReference; lastKnownFileType = text.plist.strings; name = en; path = en.lproj/InfoPlist.strings; sourceTree = "<group>"; };
		58FCF3D917314752000E382D /* main.m */ = {isa = PBXFileReference; lastKnownFileType = sourcecode.c.objc; path = main.m; sourceTree = "<group>"; };
		58FCF3DB17314752000E382D /* TwitterTrend-Prefix.pch */ = {isa = PBXFileReference; lastKnownFileType = sourcecode.c.h; path = "TwitterTrend-Prefix.pch"; sourceTree = "<group>"; };
		58FCF3DC17314752000E382D /* AppDelegate.h */ = {isa = PBXFileReference; lastKnownFileType = sourcecode.c.h; path = AppDelegate.h; sourceTree = "<group>"; };
		58FCF3DD17314752000E382D /* AppDelegate.m */ = {isa = PBXFileReference; lastKnownFileType = sourcecode.c.objc; path = AppDelegate.m; sourceTree = "<group>"; };
		58FCF3F6173150F3000E382D /* UIDevice+resolution.h */ = {isa = PBXFileReference; fileEncoding = 4; lastKnownFileType = sourcecode.c.h; path = "UIDevice+resolution.h"; sourceTree = "<group>"; };
		58FCF3F7173150F3000E382D /* UIDevice+resolution.m */ = {isa = PBXFileReference; fileEncoding = 4; lastKnownFileType = sourcecode.c.objc; path = "UIDevice+resolution.m"; sourceTree = "<group>"; };
		58FCF3FA17315EB6000E382D /* UITwitterScrollView.h */ = {isa = PBXFileReference; fileEncoding = 4; lastKnownFileType = sourcecode.c.h; path = UITwitterScrollView.h; sourceTree = "<group>"; };
		58FCF3FB17315EB6000E382D /* UITwitterScrollView.m */ = {isa = PBXFileReference; fileEncoding = 4; lastKnownFileType = sourcecode.c.objc; path = UITwitterScrollView.m; sourceTree = "<group>"; };
		58FCF3FF173162CB000E382D /* UIColor+twitter.h */ = {isa = PBXFileReference; fileEncoding = 4; lastKnownFileType = sourcecode.c.h; path = "UIColor+twitter.h"; sourceTree = "<group>"; };
		58FCF400173162CB000E382D /* UIColor+twitter.m */ = {isa = PBXFileReference; fileEncoding = 4; lastKnownFileType = sourcecode.c.objc; path = "UIColor+twitter.m"; sourceTree = "<group>"; };
		58FD57B8173CF3E2001C4B8E /* UIFlatButtonCreator.h */ = {isa = PBXFileReference; fileEncoding = 4; lastKnownFileType = sourcecode.c.h; path = UIFlatButtonCreator.h; sourceTree = "<group>"; };
		58FD57B9173CF3E2001C4B8E /* UIFlatButtonCreator.m */ = {isa = PBXFileReference; fileEncoding = 4; lastKnownFileType = sourcecode.c.objc; path = UIFlatButtonCreator.m; sourceTree = "<group>"; };
		58FD57BB173CF7CF001C4B8E /* UIFlatBUtton.h */ = {isa = PBXFileReference; fileEncoding = 4; lastKnownFileType = sourcecode.c.h; path = UIFlatBUtton.h; sourceTree = "<group>"; };
		58FD57BC173CF7CF001C4B8E /* UIFlatBUtton.m */ = {isa = PBXFileReference; fileEncoding = 4; lastKnownFileType = sourcecode.c.objc; path = UIFlatBUtton.m; sourceTree = "<group>"; };
		58FDE7A91741104D0013CF4E /* Default-568h@2x.png */ = {isa = PBXFileReference; lastKnownFileType = image.png; path = "Default-568h@2x.png"; sourceTree = "<group>"; };
		58FDE7AA1741104D0013CF4E /* Default.png */ = {isa = PBXFileReference; lastKnownFileType = image.png; path = Default.png; sourceTree = "<group>"; };
		58FDE7AB1741104D0013CF4E /* Default@2x.png */ = {isa = PBXFileReference; lastKnownFileType = image.png; path = "Default@2x.png"; sourceTree = "<group>"; };
		58FDE7B0174123370013CF4E /* Crashlytics.framework */ = {isa = PBXFileReference; lastKnownFileType = wrapper.framework; path = Crashlytics.framework; sourceTree = "<group>"; };
		58FDEDC51733BF01000C037A /* UIStatusView.h */ = {isa = PBXFileReference; fileEncoding = 4; lastKnownFileType = sourcecode.c.h; path = UIStatusView.h; sourceTree = "<group>"; };
		58FDEDC61733BF01000C037A /* UIStatusView.m */ = {isa = PBXFileReference; fileEncoding = 4; lastKnownFileType = sourcecode.c.objc; path = UIStatusView.m; sourceTree = "<group>"; };
		58FDEDC91733C023000C037A /* NSStatus.h */ = {isa = PBXFileReference; fileEncoding = 4; lastKnownFileType = sourcecode.c.h; path = NSStatus.h; sourceTree = "<group>"; };
		58FDEDCA1733C023000C037A /* NSStatus.m */ = {isa = PBXFileReference; fileEncoding = 4; lastKnownFileType = sourcecode.c.objc; path = NSStatus.m; sourceTree = "<group>"; };
		58FDEDCC1733C1DF000C037A /* NSStatusUser.h */ = {isa = PBXFileReference; fileEncoding = 4; lastKnownFileType = sourcecode.c.h; path = NSStatusUser.h; sourceTree = "<group>"; };
		58FDEDCD1733C1DF000C037A /* NSStatusUser.m */ = {isa = PBXFileReference; fileEncoding = 4; lastKnownFileType = sourcecode.c.objc; path = NSStatusUser.m; sourceTree = "<group>"; };
		58FDEDCF1733C2DB000C037A /* NSStatusPhoto.h */ = {isa = PBXFileReference; fileEncoding = 4; lastKnownFileType = sourcecode.c.h; path = NSStatusPhoto.h; sourceTree = "<group>"; };
		58FDEDD01733C2DB000C037A /* NSStatusPhoto.m */ = {isa = PBXFileReference; fileEncoding = 4; lastKnownFileType = sourcecode.c.objc; path = NSStatusPhoto.m; sourceTree = "<group>"; };
		58FDEDD21733F814000C037A /* TwitterTimelineViewController.h */ = {isa = PBXFileReference; fileEncoding = 4; lastKnownFileType = sourcecode.c.h; path = TwitterTimelineViewController.h; sourceTree = "<group>"; };
		58FDEDD31733F814000C037A /* TwitterTimelineViewController.m */ = {isa = PBXFileReference; fileEncoding = 4; lastKnownFileType = sourcecode.c.objc; path = TwitterTimelineViewController.m; sourceTree = "<group>"; };
		58FDEDD51734095C000C037A /* NSRequestParams.h */ = {isa = PBXFileReference; fileEncoding = 4; lastKnownFileType = sourcecode.c.h; path = NSRequestParams.h; sourceTree = "<group>"; };
		58FDEDD61734095C000C037A /* NSRequestParams.m */ = {isa = PBXFileReference; fileEncoding = 4; lastKnownFileType = sourcecode.c.objc; path = NSRequestParams.m; sourceTree = "<group>"; };
		58FDEDD817340A0F000C037A /* NSTrendApi.h */ = {isa = PBXFileReference; fileEncoding = 4; lastKnownFileType = sourcecode.c.h; path = NSTrendApi.h; sourceTree = "<group>"; };
		58FDEDD917340A0F000C037A /* NSTrendApi.m */ = {isa = PBXFileReference; fileEncoding = 4; lastKnownFileType = sourcecode.c.objc; path = NSTrendApi.m; sourceTree = "<group>"; };
		58FDEDDC17340B15000C037A /* TwitterTimelineViewStatusesModel.h */ = {isa = PBXFileReference; fileEncoding = 4; lastKnownFileType = sourcecode.c.h; path = TwitterTimelineViewStatusesModel.h; sourceTree = "<group>"; };
		58FDEDDD17340B15000C037A /* TwitterTimelineViewStatusesModel.m */ = {isa = PBXFileReference; fileEncoding = 4; lastKnownFileType = sourcecode.c.objc; path = TwitterTimelineViewStatusesModel.m; sourceTree = "<group>"; };
/* End PBXFileReference section */

/* Begin PBXFrameworksBuildPhase section */
		58FCF3C717314752000E382D /* Frameworks */ = {
			isa = PBXFrameworksBuildPhase;
			buildActionMask = 2147483647;
			files = (
				5804D297173F71810000B03B /* libsqlite3.0.dylib in Frameworks */,
				58F9D30A1733886C007100EF /* QuartzCore.framework in Frameworks */,
				58FCF3CE17314752000E382D /* UIKit.framework in Frameworks */,
				58FCF3D017314752000E382D /* Foundation.framework in Frameworks */,
				58FCF3D217314752000E382D /* CoreGraphics.framework in Frameworks */,
				58FDE7B1174123370013CF4E /* Crashlytics.framework in Frameworks */,
			);
			runOnlyForDeploymentPostprocessing = 0;
		};
/* End PBXFrameworksBuildPhase section */

/* Begin PBXGroup section */
		580241F1173697AC00C64E28 /* Viewer */ = {
			isa = PBXGroup;
			children = (
				580241F2173697E500C64E28 /* ImageZoomViewController.h */,
				580241F3173697E500C64E28 /* ImageZoomViewController.m */,
			);
			name = Viewer;
			sourceTree = "<group>";
		};
		580409BD173639DC0028EAD4 /* SVProgressHUD */ = {
			isa = PBXGroup;
			children = (
				580409BE173639ED0028EAD4 /* SVProgressHUD.bundle */,
				580409BF173639ED0028EAD4 /* SVProgressHUD.h */,
				580409C0173639ED0028EAD4 /* SVProgressHUD.m */,
			);
			name = SVProgressHUD;
			sourceTree = "<group>";
		};
		5804D286173F672C0000B03B /* FMDB */ = {
			isa = PBXGroup;
			children = (
				5804D287173F67390000B03B /* FMDatabase.h */,
				5804D288173F67390000B03B /* FMDatabase.m */,
				5804D289173F67390000B03B /* FMDatabaseAdditions.h */,
				5804D28A173F67390000B03B /* FMDatabaseAdditions.m */,
				5804D28B173F67390000B03B /* FMDatabasePool.h */,
				5804D28C173F67390000B03B /* FMDatabasePool.m */,
				5804D28D173F67390000B03B /* FMDatabaseQueue.h */,
				5804D28E173F67390000B03B /* FMDatabaseQueue.m */,
				5804D28F173F67390000B03B /* FMResultSet.h */,
				5804D290173F67390000B03B /* FMResultSet.m */,
			);
			name = FMDB;
			sourceTree = "<group>";
		};
		5809EB8F1743BBD1008DC7DA /* Filter */ = {
			isa = PBXGroup;
			children = (
				5809EB8C1743BBCB008DC7DA /* UIFilterView.h */,
				5809EB8D1743BBCB008DC7DA /* UIFilterView.m */,
				5809EB901743C25B008DC7DA /* UIFilterInnerShadowView.h */,
				5809EB911743C25B008DC7DA /* UIFilterInnerShadowView.m */,
				5809EB961743D3F8008DC7DA /* UIFilterSliderView.h */,
				5809EB971743D3F8008DC7DA /* UIFilterSliderView.m */,
				5809EB931743D2B2008DC7DA /* UIFilterBarBaseView.h */,
				5809EB941743D2B2008DC7DA /* UIFilterBarBaseView.m */,
				5800AA5C1746569000570EBF /* UIFilterKnobView.h */,
				5800AA5D1746569000570EBF /* UIFilterKnobView.m */,
			);
			name = Filter;
			sourceTree = "<group>";
		};
		580FBE361732B65900D57341 /* Background */ = {
			isa = PBXGroup;
			children = (
				580FBE371732B66F00D57341 /* UITwitterBackgroundView.h */,
				580FBE381732B66F00D57341 /* UITwitterBackgroundView.m */,
			);
			name = Background;
			sourceTree = "<group>";
		};
		581175A3174784310077A709 /* Tweet */ = {
			isa = PBXGroup;
			children = (
				581175A4174784310077A709 /* Open.png */,
				581175A5174784310077A709 /* Open@2x.png */,
			);
			path = Tweet;
			sourceTree = "<group>";
		};
		588DECA61748D0F500FC43C1 /* NGWord */ = {
			isa = PBXGroup;
			children = (
				588DECA81748D24E00FC43C1 /* NGWordViewController.h */,
				588DECA91748D24E00FC43C1 /* NGWordViewController.m */,
			);
			name = NGWord;
			sourceTree = "<group>";
		};
		588DECA71748D0FC00FC43C1 /* NonDisplayUsers */ = {
			isa = PBXGroup;
			children = (
				588DECAB1748D25C00FC43C1 /* NonDisplayUsersViewController.h */,
				588DECAC1748D25C00FC43C1 /* NonDisplayUsersViewController.m */,
			);
			name = NonDisplayUsers;
			sourceTree = "<group>";
		};
		588DECAE1748D73600FC43C1 /* News */ = {
			isa = PBXGroup;
			children = (
			);
			name = News;
			sourceTree = "<group>";
		};
		58BB6746173FDFCA00D17669 /* Help */ = {
			isa = PBXGroup;
			children = (
				58BB6747173FDFDF00D17669 /* HelpViewController.h */,
				58BB6748173FDFDF00D17669 /* HelpViewController.m */,
			);
			name = Help;
			sourceTree = "<group>";
		};
		58BB674A173FDFE400D17669 /* Report */ = {
			isa = PBXGroup;
			children = (
				58BB674B173FDFF300D17669 /* ReportViewController.h */,
				58BB674C173FDFF300D17669 /* ReportViewController.m */,
			);
			name = Report;
			sourceTree = "<group>";
		};
		58BB674E173FDFFA00D17669 /* Premium */ = {
			isa = PBXGroup;
			children = (
				58BB674F173FE00400D17669 /* PremiumViewController.h */,
				58BB6750173FE00400D17669 /* PremiumViewController.m */,
			);
			name = Premium;
			sourceTree = "<group>";
		};
		58F3E335173FB9F100896C82 /* Settings */ = {
			isa = PBXGroup;
			children = (
				5806169B1742761100D2AB37 /* UISettingsCellView.h */,
				5806169C1742761100D2AB37 /* UISettingsCellView.m */,
				588DECA31748C46900FC43C1 /* UICellButton.h */,
				588DECA41748C46900FC43C1 /* UICellButton.m */,
			);
			name = Settings;
			sourceTree = "<group>";
		};
		58F3E336173FBA5600896C82 /* DCRoundSwitch */ = {
			isa = PBXGroup;
			children = (
				58F3E337173FBA5600896C82 /* DCRoundSwitch.h */,
				58F3E338173FBA5600896C82 /* DCRoundSwitch.m */,
				58F3E339173FBA5600896C82 /* DCRoundSwitchKnobLayer.h */,
				58F3E33A173FBA5600896C82 /* DCRoundSwitchKnobLayer.m */,
				58F3E33B173FBA5600896C82 /* DCRoundSwitchOutlineLayer.h */,
				58F3E33C173FBA5600896C82 /* DCRoundSwitchOutlineLayer.m */,
				58F3E33D173FBA5600896C82 /* DCRoundSwitchToggleLayer.h */,
				58F3E33E173FBA5600896C82 /* DCRoundSwitchToggleLayer.m */,
			);
			path = DCRoundSwitch;
			sourceTree = "<group>";
		};
		58F542941737924D006C1FB2 /* SideMenu */ = {
			isa = PBXGroup;
			children = (
				58F5429517379269006C1FB2 /* SideMenuBg-568h@2x.png */,
				58F5429617379269006C1FB2 /* SideMenuBg.png */,
				58F5429717379269006C1FB2 /* SideMenuBg@2x.png */,
			);
			name = SideMenu;
			sourceTree = "<group>";
		};
		58F5429B173797FB006C1FB2 /* SideMenu */ = {
			isa = PBXGroup;
			children = (
				58F5429C1737981F006C1FB2 /* UISideMenuHeaderView.h */,
				58F5429D1737981F006C1FB2 /* UISideMenuHeaderView.m */,
				58F5429F1737A499006C1FB2 /* UISideMenuButton.h */,
				58F542A01737A499006C1FB2 /* UISideMenuButton.m */,
				58F542A21737ACB1006C1FB2 /* UISideMenuSeparatorView.h */,
				58F542A31737ACB1006C1FB2 /* UISideMenuSeparatorView.m */,
			);
			name = SideMenu;
			sourceTree = "<group>";
		};
		58F7BA85173546B80012AAEC /* JMImageCache */ = {
			isa = PBXGroup;
			children = (
				58F7BA86173546F40012AAEC /* JMImageCache.h */,
				58F7BA87173546F40012AAEC /* JMImageCache.m */,
				58F7BA88173546F40012AAEC /* UIImageView+JMImageCache.h */,
				58F7BA89173546F40012AAEC /* UIImageView+JMImageCache.m */,
			);
			name = JMImageCache;
			sourceTree = "<group>";
		};
		58F9D2F917338156007100EF /* Libraries */ = {
			isa = PBXGroup;
			children = (
				58F3E336173FBA5600896C82 /* DCRoundSwitch */,
				5804D286173F672C0000B03B /* FMDB */,
				580409BD173639DC0028EAD4 /* SVProgressHUD */,
				58F7BA85173546B80012AAEC /* JMImageCache */,
				58F9D2FA1733816A007100EF /* JASidePanels */,
			);
			name = Libraries;
			sourceTree = "<group>";
		};
		58F9D2FA1733816A007100EF /* JASidePanels */ = {
			isa = PBXGroup;
			children = (
				58F9D2FB1733817C007100EF /* JASidePanelController.h */,
				58F9D2FC1733817C007100EF /* JASidePanelController.m */,
			);
			name = JASidePanels;
			sourceTree = "<group>";
		};
		58F9D30E17339178007100EF /* Images */ = {
			isa = PBXGroup;
			children = (
				58FCA5CC173BA6DF00B3DCEE /* placeholder.png */,
				58FCA5C8173BA55800B3DCEE /* close.png */,
				58FCA5C9173BA55800B3DCEE /* close@2x.png */,
				581175A3174784310077A709 /* Tweet */,
				58F542941737924D006C1FB2 /* SideMenu */,
				58F9D30F173391FF007100EF /* NavigationBar */,
			);
			name = Images;
			sourceTree = "<group>";
		};
		58F9D30F173391FF007100EF /* NavigationBar */ = {
			isa = PBXGroup;
			children = (
				58C457C8174A55EC00E5B0EE /* NavigationBarBgTextured2@2x.png */,
				588DECC91748F04A00FC43C1 /* NavigationBarBackButtonBg.png */,
				588DECCA1748F04A00FC43C1 /* NavigationBarBackButtonBg@2x.png */,
				588DECC71748EE6E00FC43C1 /* NavigationBarMenuButtonBgWithOuterShadow2@2x.png */,
				58F9D32417339D2D007100EF /* NavigationBarSettingsButtonBg.png */,
				58F9D32517339D2D007100EF /* NavigationBarSettingsButtonBg@2x.png */,
				58F9D32217339CE4007100EF /* NavigationBarMenuButtonBg.png */,
				58F9D32017339CB4007100EF /* NavigationBarMenuButtonBg@2x.png */,
				58F9D31017339211007100EF /* NavigationBarBg.png */,
				58F9D31117339211007100EF /* NavigationBarBg@2x.png */,
			);
			name = NavigationBar;
			sourceTree = "<group>";
		};
		58F9D31417339355007100EF /* Side */ = {
			isa = PBXGroup;
			children = (
				580409BA173619B00028EAD4 /* SideViewController.h */,
				580409BB173619B00028EAD4 /* SideViewController.m */,
			);
			name = Side;
			sourceTree = "<group>";
		};
		58FA24B71734EB21004D803D /* Fonts */ = {
			isa = PBXGroup;
			children = (
				58FA24B81734EDAF004D803D /* rounded-mplus-1p-bold.ttf */,
				58FA24B91734EDAF004D803D /* rounded-mplus-1p-heavy.ttf */,
				58FA24BA1734EDAF004D803D /* rounded-mplus-1p-light.ttf */,
				58FA24BB1734EDAF004D803D /* rounded-mplus-1p-medium.ttf */,
				58FA24BC1734EDAF004D803D /* rounded-mplus-1p-regular.ttf */,
				58FA24BD1734EDAF004D803D /* rounded-mplus-1p-thin.ttf */,
			);
			name = Fonts;
			sourceTree = "<group>";
		};
		58FCA5C5173BA0B100B3DCEE /* Settings */ = {
			isa = PBXGroup;
			children = (
				588DECA71748D0FC00FC43C1 /* NonDisplayUsers */,
				588DECA61748D0F500FC43C1 /* NGWord */,
				58F633CD173F962400673AA8 /* SettingsViewController.h */,
				58F633CE173F962400673AA8 /* SettingsViewController.m */,
			);
			name = Settings;
			sourceTree = "<group>";
		};
		58FCF3C117314752000E382D = {
			isa = PBXGroup;
			children = (
				58FDE7A91741104D0013CF4E /* Default-568h@2x.png */,
				58FDE7AA1741104D0013CF4E /* Default.png */,
				58FDE7AB1741104D0013CF4E /* Default@2x.png */,
				5804D296173F71800000B03B /* libsqlite3.0.dylib */,
				5804D284173F66AF0000B03B /* Filters.sqlite */,
				580CEEBB173BD2F90050470F /* Icon-72.png */,
				580CEEBC173BD2F90050470F /* Icon-Small-50.png */,
				580CEEBD173BD2F90050470F /* Icon-Small.png */,
				580CEEBE173BD2F90050470F /* Icon-Small@2x.png */,
				580CEEBF173BD2F90050470F /* Icon.png */,
				580CEEC0173BD2F90050470F /* Icon@2x.png */,
				58F9D3091733886B007100EF /* QuartzCore.framework */,
				58FCF3D317314752000E382D /* TwitterTrend */,
				58FCF3CC17314752000E382D /* Frameworks */,
				58FCF3CB17314752000E382D /* Products */,
			);
			sourceTree = "<group>";
		};
		58FCF3CB17314752000E382D /* Products */ = {
			isa = PBXGroup;
			children = (
				58FCF3CA17314752000E382D /* TwitterTrend.app */,
			);
			name = Products;
			sourceTree = "<group>";
		};
		58FCF3CC17314752000E382D /* Frameworks */ = {
			isa = PBXGroup;
			children = (
				58FDE7B0174123370013CF4E /* Crashlytics.framework */,
				58FCF3CD17314752000E382D /* UIKit.framework */,
				58FCF3CF17314752000E382D /* Foundation.framework */,
				58FCF3D117314752000E382D /* CoreGraphics.framework */,
			);
			name = Frameworks;
			sourceTree = "<group>";
		};
		58FCF3D317314752000E382D /* TwitterTrend */ = {
			isa = PBXGroup;
			children = (
				58FA24B71734EB21004D803D /* Fonts */,
				58FDEDC81733C00C000C037A /* Objects */,
				58F9D30E17339178007100EF /* Images */,
				58F9D2F917338156007100EF /* Libraries */,
				58FCF3F417315025000E382D /* Categories */,
				58FCF3F017314BEC000E382D /* UIView */,
				58FCF3DC17314752000E382D /* AppDelegate.h */,
				58FCF3DD17314752000E382D /* AppDelegate.m */,
				58FDEDDB17340AE5000C037A /* VIewModels */,
				58FCF3FD1731616E000E382D /* ViewControllers */,
				58FCF3D417314752000E382D /* Supporting Files */,
			);
			path = TwitterTrend;
			sourceTree = "<group>";
		};
		58FCF3D417314752000E382D /* Supporting Files */ = {
			isa = PBXGroup;
			children = (
				58FCF3D517314752000E382D /* TwitterTrend-Info.plist */,
				58FCF3D617314752000E382D /* InfoPlist.strings */,
				58FCF3D917314752000E382D /* main.m */,
				58FCF3DB17314752000E382D /* TwitterTrend-Prefix.pch */,
			);
			name = "Supporting Files";
			sourceTree = "<group>";
		};
		58FCF3F017314BEC000E382D /* UIView */ = {
			isa = PBXGroup;
			children = (
				58018B07173E0FE00084FC51 /* UIBlackAlertView.h */,
				58018B08173E0FE00084FC51 /* UIBlackAlertView.m */,
				58F3E335173FB9F100896C82 /* Settings */,
				58FD57B7173CF39E001C4B8E /* Buttons */,
				58FD57B6173CF387001C4B8E /* ActionSheet */,
				58F5429B173797FB006C1FB2 /* SideMenu */,
				580FBE361732B65900D57341 /* Background */,
				58FCF3F917315E46000E382D /* Scroll */,
				5809EB8F1743BBD1008DC7DA /* Filter */,
				58FCF3F317314C9B000E382D /* Status */,
				58FCF3F217314C92000E382D /* NavigationBar */,
				58FCF3F117314BF5000E382D /* Buttons */,
			);
			name = UIView;
			sourceTree = "<group>";
		};
		58FCF3F117314BF5000E382D /* Buttons */ = {
			isa = PBXGroup;
			children = (
			);
			name = Buttons;
			sourceTree = "<group>";
		};
		58FCF3F217314C92000E382D /* NavigationBar */ = {
			isa = PBXGroup;
			children = (
			);
			name = NavigationBar;
			sourceTree = "<group>";
		};
		58FCF3F317314C9B000E382D /* Status */ = {
			isa = PBXGroup;
			children = (
				58FDEDC51733BF01000C037A /* UIStatusView.h */,
				58FDEDC61733BF01000C037A /* UIStatusView.m */,
				58018B01173E04920084FC51 /* UIStatusUserButton.h */,
				58018B02173E04920084FC51 /* UIStatusUserButton.m */,
				581175A8174784660077A709 /* UIStatusOpenButton.h */,
				581175A9174784660077A709 /* UIStatusOpenButton.m */,
			);
			name = Status;
			sourceTree = "<group>";
		};
		58FCF3F417315025000E382D /* Categories */ = {
			isa = PBXGroup;
			children = (
				58F9D304173384C9007100EF /* UIView+extend.h */,
				58F9D305173384C9007100EF /* UIView+extend.m */,
				58FCF3FF173162CB000E382D /* UIColor+twitter.h */,
				58FCF400173162CB000E382D /* UIColor+twitter.m */,
				58FCF3F6173150F3000E382D /* UIDevice+resolution.h */,
				58FCF3F7173150F3000E382D /* UIDevice+resolution.m */,
				580FBE3A1732B6DE00D57341 /* UIScreen+twitter.h */,
				580FBE3B1732B6DE00D57341 /* UIScreen+twitter.m */,
				58F9D31917339A39007100EF /* UIViewController+navi.h */,
				58F9D31A17339A39007100EF /* UIViewController+navi.m */,
			);
			name = Categories;
			sourceTree = "<group>";
		};
		58FCF3F917315E46000E382D /* Scroll */ = {
			isa = PBXGroup;
			children = (
				58FCF3FA17315EB6000E382D /* UITwitterScrollView.h */,
				58FCF3FB17315EB6000E382D /* UITwitterScrollView.m */,
				580241EE1736644900C64E28 /* UITwitterScrollHeaderView.h */,
				580241EF1736644900C64E28 /* UITwitterScrollHeaderView.m */,
			);
			name = Scroll;
			sourceTree = "<group>";
		};
		58FCF3FD1731616E000E382D /* ViewControllers */ = {
			isa = PBXGroup;
			children = (
				58FDEDD21733F814000C037A /* TwitterTimelineViewController.h */,
				58FDEDD31733F814000C037A /* TwitterTimelineViewController.m */,
				58BB674E173FDFFA00D17669 /* Premium */,
				58BB674A173FDFE400D17669 /* Report */,
				58BB6746173FDFCA00D17669 /* Help */,
				588DECAE1748D73600FC43C1 /* News */,
				58FCA5C5173BA0B100B3DCEE /* Settings */,
				580241F1173697AC00C64E28 /* Viewer */,
				58F9D31417339355007100EF /* Side */,
				58F9D2F617337CB6007100EF /* TwitterNavigationController.h */,
				58F9D2F717337CB6007100EF /* TwitterNavigationController.m */,
				58F9D2FD17338242007100EF /* SidePanelController.h */,
				58F9D2FE17338242007100EF /* SidePanelController.m */,
				58F9D3011733845D007100EF /* TwitterTabBarController.h */,
				58F9D3021733845D007100EF /* TwitterTabBarController.m */,
			);
			name = ViewControllers;
			sourceTree = "<group>";
		};
		58FD57B6173CF387001C4B8E /* ActionSheet */ = {
			isa = PBXGroup;
			children = (
			);
			name = ActionSheet;
			sourceTree = "<group>";
		};
		58FD57B7173CF39E001C4B8E /* Buttons */ = {
			isa = PBXGroup;
			children = (
				58FD57B8173CF3E2001C4B8E /* UIFlatButtonCreator.h */,
				58FD57B9173CF3E2001C4B8E /* UIFlatButtonCreator.m */,
				58FD57BB173CF7CF001C4B8E /* UIFlatBUtton.h */,
				58FD57BC173CF7CF001C4B8E /* UIFlatBUtton.m */,
			);
			name = Buttons;
			sourceTree = "<group>";
		};
		58FDEDC81733C00C000C037A /* Objects */ = {
			isa = PBXGroup;
			children = (
				58FDEDC91733C023000C037A /* NSStatus.h */,
				58FDEDCA1733C023000C037A /* NSStatus.m */,
				58FDEDCC1733C1DF000C037A /* NSStatusUser.h */,
				58FDEDCD1733C1DF000C037A /* NSStatusUser.m */,
				58FDEDCF1733C2DB000C037A /* NSStatusPhoto.h */,
				58FDEDD01733C2DB000C037A /* NSStatusPhoto.m */,
				58FDEDD51734095C000C037A /* NSRequestParams.h */,
				58FDEDD61734095C000C037A /* NSRequestParams.m */,
				58FDEDD817340A0F000C037A /* NSTrendApi.h */,
				58FDEDD917340A0F000C037A /* NSTrendApi.m */,
				58FA24B41734D428004D803D /* NSFilter.h */,
				58FA24B51734D428004D803D /* NSFilter.m */,
				58F542A51737E598006C1FB2 /* NSMenuItem.h */,
				58F542A61737E598006C1FB2 /* NSMenuItem.m */,
				583E92F7173E581300F7D3A7 /* NSEnduserData.h */,
				583E92F8173E581400F7D3A7 /* NSEnduserData.m */,
				5804D27F173F53790000B03B /* NSEnduserRegistration.h */,
				5804D280173F53790000B03B /* NSEnduserRegistration.m */,
				5804D298173F8ED10000B03B /* NSEnduserFetched.h */,
				5804D299173F8ED10000B03B /* NSEnduserFetched.m */,
				58C457CA174A5C8C00E5B0EE /* NSFilterUsersFullData.h */,
				58C457CB174A5C8C00E5B0EE /* NSFilterUsersFullData.m */,
			);
			name = Objects;
			sourceTree = "<group>";
		};
		58FDEDDB17340AE5000C037A /* VIewModels */ = {
			isa = PBXGroup;
			children = (
				58FDEDDC17340B15000C037A /* TwitterTimelineViewStatusesModel.h */,
				58FDEDDD17340B15000C037A /* TwitterTimelineViewStatusesModel.m */,
				583E92F4173E2E5F00F7D3A7 /* TwitterTimelineViewDeveloperModel.h */,
				583E92F5173E2E5F00F7D3A7 /* TwitterTimelineViewDeveloperModel.m */,
				583E92FA173E7F7200F7D3A7 /* TwitterTimelineViewEnduserModel.h */,
				583E92FB173E7F7200F7D3A7 /* TwitterTimelineViewEnduserModel.m */,
			);
			name = VIewModels;
			sourceTree = "<group>";
		};
/* End PBXGroup section */

/* Begin PBXNativeTarget section */
		58FCF3C917314752000E382D /* TwitterTrend */ = {
			isa = PBXNativeTarget;
			buildConfigurationList = 58FCF3ED17314752000E382D /* Build configuration list for PBXNativeTarget "TwitterTrend" */;
			buildPhases = (
				58FCF3C617314752000E382D /* Sources */,
				58FCF3C717314752000E382D /* Frameworks */,
				58FCF3C817314752000E382D /* Resources */,
				58FDE7AF174122E00013CF4E /* ShellScript */,
			);
			buildRules = (
			);
			dependencies = (
			);
			name = TwitterTrend;
			productName = TwitterTrend;
			productReference = 58FCF3CA17314752000E382D /* TwitterTrend.app */;
			productType = "com.apple.product-type.application";
		};
/* End PBXNativeTarget section */

/* Begin PBXProject section */
		58FCF3C217314752000E382D /* Project object */ = {
			isa = PBXProject;
			attributes = {
				LastUpgradeCheck = 0460;
				ORGANIZATIONNAME = SSC;
			};
			buildConfigurationList = 58FCF3C517314752000E382D /* Build configuration list for PBXProject "TwitterTrend" */;
			compatibilityVersion = "Xcode 3.2";
			developmentRegion = English;
			hasScannedForEncodings = 0;
			knownRegions = (
				en,
			);
			mainGroup = 58FCF3C117314752000E382D;
			productRefGroup = 58FCF3CB17314752000E382D /* Products */;
			projectDirPath = "";
			projectRoot = "";
			targets = (
				58FCF3C917314752000E382D /* TwitterTrend */,
			);
		};
/* End PBXProject section */

/* Begin PBXResourcesBuildPhase section */
		58FCF3C817314752000E382D /* Resources */ = {
			isa = PBXResourcesBuildPhase;
			buildActionMask = 2147483647;
			files = (
				58FCF3D817314752000E382D /* InfoPlist.strings in Resources */,
				58F9D31217339211007100EF /* NavigationBarBg.png in Resources */,
				58F9D31317339211007100EF /* NavigationBarBg@2x.png in Resources */,
				58F9D32117339CB4007100EF /* NavigationBarMenuButtonBg@2x.png in Resources */,
				58F9D32317339CE4007100EF /* NavigationBarMenuButtonBg.png in Resources */,
				58F9D32617339D2D007100EF /* NavigationBarSettingsButtonBg.png in Resources */,
				58F9D32717339D2D007100EF /* NavigationBarSettingsButtonBg@2x.png in Resources */,
				58FA24BE1734EDAF004D803D /* rounded-mplus-1p-bold.ttf in Resources */,
				58FA24BF1734EDAF004D803D /* rounded-mplus-1p-heavy.ttf in Resources */,
				58FA24C01734EDAF004D803D /* rounded-mplus-1p-light.ttf in Resources */,
				58FA24C11734EDAF004D803D /* rounded-mplus-1p-medium.ttf in Resources */,
				58FA24C21734EDAF004D803D /* rounded-mplus-1p-regular.ttf in Resources */,
				58FA24C31734EDAF004D803D /* rounded-mplus-1p-thin.ttf in Resources */,
				580409C1173639ED0028EAD4 /* SVProgressHUD.bundle in Resources */,
				58F5429817379269006C1FB2 /* SideMenuBg-568h@2x.png in Resources */,
				58F5429917379269006C1FB2 /* SideMenuBg.png in Resources */,
				58F5429A17379269006C1FB2 /* SideMenuBg@2x.png in Resources */,
				58FCA5CA173BA55800B3DCEE /* close.png in Resources */,
				58FCA5CB173BA55800B3DCEE /* close@2x.png in Resources */,
				58FCA5CD173BA6DF00B3DCEE /* placeholder.png in Resources */,
				580CEEC1173BD2F90050470F /* Icon-72.png in Resources */,
				580CEEC2173BD2F90050470F /* Icon-Small-50.png in Resources */,
				580CEEC3173BD2F90050470F /* Icon-Small.png in Resources */,
				580CEEC4173BD2F90050470F /* Icon-Small@2x.png in Resources */,
				580CEEC5173BD2F90050470F /* Icon.png in Resources */,
				580CEEC6173BD2F90050470F /* Icon@2x.png in Resources */,
				5804D285173F66AF0000B03B /* Filters.sqlite in Resources */,
				58FDE7AC1741104D0013CF4E /* Default-568h@2x.png in Resources */,
				58FDE7AD1741104D0013CF4E /* Default.png in Resources */,
				58FDE7AE1741104D0013CF4E /* Default@2x.png in Resources */,
				581175A6174784310077A709 /* Open.png in Resources */,
				581175A7174784310077A709 /* Open@2x.png in Resources */,
				588DECC81748EE6E00FC43C1 /* NavigationBarMenuButtonBgWithOuterShadow2@2x.png in Resources */,
				588DECCB1748F04A00FC43C1 /* NavigationBarBackButtonBg.png in Resources */,
				588DECCC1748F04A00FC43C1 /* NavigationBarBackButtonBg@2x.png in Resources */,
				58C457C9174A55EC00E5B0EE /* NavigationBarBgTextured2@2x.png in Resources */,
			);
			runOnlyForDeploymentPostprocessing = 0;
		};
/* End PBXResourcesBuildPhase section */

/* Begin PBXShellScriptBuildPhase section */
		58FDE7AF174122E00013CF4E /* ShellScript */ = {
			isa = PBXShellScriptBuildPhase;
			buildActionMask = 2147483647;
			files = (
			);
			inputPaths = (
			);
			outputPaths = (
			);
			runOnlyForDeploymentPostprocessing = 0;
			shellPath = /bin/sh;
			shellScript = "./Crashlytics.framework/run a8f7ec67dfb4ba747a4f4ed2d8a07acd5b1e5bf6";
		};
/* End PBXShellScriptBuildPhase section */

/* Begin PBXSourcesBuildPhase section */
		58FCF3C617314752000E382D /* Sources */ = {
			isa = PBXSourcesBuildPhase;
			buildActionMask = 2147483647;
			files = (
				58F9D30817338803007100EF /* UIView+extend.m in Sources */,
				58F9D307173387FA007100EF /* JASidePanelController.m in Sources */,
				58FCF3DA17314752000E382D /* main.m in Sources */,
				58FCF3DE17314752000E382D /* AppDelegate.m in Sources */,
				58FCF3F8173150F3000E382D /* UIDevice+resolution.m in Sources */,
				58FCF3FC17315EB6000E382D /* UITwitterScrollView.m in Sources */,
				58FCF401173162CB000E382D /* UIColor+twitter.m in Sources */,
				580FBE391732B66F00D57341 /* UITwitterBackgroundView.m in Sources */,
				580FBE3C1732B6DE00D57341 /* UIScreen+twitter.m in Sources */,
				58F9D2F817337CB6007100EF /* TwitterNavigationController.m in Sources */,
				58F9D2FF17338242007100EF /* SidePanelController.m in Sources */,
				58F9D3031733845D007100EF /* TwitterTabBarController.m in Sources */,
				58F9D31B17339A39007100EF /* UIViewController+navi.m in Sources */,
				58FDEDC71733BF01000C037A /* UIStatusView.m in Sources */,
				58FDEDCB1733C023000C037A /* NSStatus.m in Sources */,
				58FDEDCE1733C1DF000C037A /* NSStatusUser.m in Sources */,
				58FDEDD11733C2DB000C037A /* NSStatusPhoto.m in Sources */,
				58FDEDD41733F814000C037A /* TwitterTimelineViewController.m in Sources */,
				58FDEDD71734095D000C037A /* NSRequestParams.m in Sources */,
				58FDEDDA17340A10000C037A /* NSTrendApi.m in Sources */,
				58FDEDDE17340B15000C037A /* TwitterTimelineViewStatusesModel.m in Sources */,
				58FA24B61734D428004D803D /* NSFilter.m in Sources */,
				58F7BA8A173546F40012AAEC /* JMImageCache.m in Sources */,
				58F7BA8B173546F40012AAEC /* UIImageView+JMImageCache.m in Sources */,
				580409BC173619B00028EAD4 /* SideViewController.m in Sources */,
				580409C2173639ED0028EAD4 /* SVProgressHUD.m in Sources */,
				580241F01736644900C64E28 /* UITwitterScrollHeaderView.m in Sources */,
				580241F4173697E500C64E28 /* ImageZoomViewController.m in Sources */,
				58F5429E1737981F006C1FB2 /* UISideMenuHeaderView.m in Sources */,
				58F542A11737A499006C1FB2 /* UISideMenuButton.m in Sources */,
				58F542A41737ACB1006C1FB2 /* UISideMenuSeparatorView.m in Sources */,
				58F542A71737E599006C1FB2 /* NSMenuItem.m in Sources */,
				58FD57BA173CF3E2001C4B8E /* UIFlatButtonCreator.m in Sources */,
				58FD57BD173CF7CF001C4B8E /* UIFlatBUtton.m in Sources */,
				58018B03173E04930084FC51 /* UIStatusUserButton.m in Sources */,
				58018B09173E0FE00084FC51 /* UIBlackAlertView.m in Sources */,
				583E92F6173E2E5F00F7D3A7 /* TwitterTimelineViewDeveloperModel.m in Sources */,
				583E92F9173E581400F7D3A7 /* NSEnduserData.m in Sources */,
				583E92FC173E7F7200F7D3A7 /* TwitterTimelineViewEnduserModel.m in Sources */,
				5804D281173F53790000B03B /* NSEnduserRegistration.m in Sources */,
				5804D291173F67390000B03B /* FMDatabase.m in Sources */,
				5804D292173F67390000B03B /* FMDatabaseAdditions.m in Sources */,
				5804D293173F67390000B03B /* FMDatabasePool.m in Sources */,
				5804D294173F67390000B03B /* FMDatabaseQueue.m in Sources */,
				5804D295173F67390000B03B /* FMResultSet.m in Sources */,
				5804D29A173F8ED20000B03B /* NSEnduserFetched.m in Sources */,
				58F633CF173F962400673AA8 /* SettingsViewController.m in Sources */,
				58F3E33F173FBA5600896C82 /* DCRoundSwitch.m in Sources */,
				58F3E340173FBA5600896C82 /* DCRoundSwitchKnobLayer.m in Sources */,
				58F3E341173FBA5600896C82 /* DCRoundSwitchOutlineLayer.m in Sources */,
				58F3E342173FBA5600896C82 /* DCRoundSwitchToggleLayer.m in Sources */,
				58BB6749173FDFDF00D17669 /* HelpViewController.m in Sources */,
				58BB674D173FDFF300D17669 /* ReportViewController.m in Sources */,
				58BB6751173FE00400D17669 /* PremiumViewController.m in Sources */,
				5806169D1742761100D2AB37 /* UISettingsCellView.m in Sources */,
				5809EB8E1743BBCB008DC7DA /* UIFilterView.m in Sources */,
				5809EB921743C25B008DC7DA /* UIFilterInnerShadowView.m in Sources */,
				5809EB951743D2B2008DC7DA /* UIFilterBarBaseView.m in Sources */,
				5809EB981743D3F8008DC7DA /* UIFilterSliderView.m in Sources */,
				5800AA5E1746569000570EBF /* UIFilterKnobView.m in Sources */,
				581175AA174784660077A709 /* UIStatusOpenButton.m in Sources */,
				588DECA51748C46900FC43C1 /* UICellButton.m in Sources */,
				588DECAA1748D24E00FC43C1 /* NGWordViewController.m in Sources */,
				588DECAD1748D25C00FC43C1 /* NonDisplayUsersViewController.m in Sources */,
				58C457CC174A5C8C00E5B0EE /* NSFilterUsersFullData.m in Sources */,
			);
			runOnlyForDeploymentPostprocessing = 0;
		};
/* End PBXSourcesBuildPhase section */

/* Begin PBXVariantGroup section */
		58FCF3D617314752000E382D /* InfoPlist.strings */ = {
			isa = PBXVariantGroup;
			children = (
				58FCF3D717314752000E382D /* en */,
			);
			name = InfoPlist.strings;
			sourceTree = "<group>";
		};
/* End PBXVariantGroup section */

/* Begin XCBuildConfiguration section */
		58FCF3EB17314752000E382D /* Debug */ = {
			isa = XCBuildConfiguration;
			buildSettings = {
				ALWAYS_SEARCH_USER_PATHS = NO;
				CLANG_CXX_LANGUAGE_STANDARD = "gnu++0x";
				CLANG_CXX_LIBRARY = "libc++";
				CLANG_ENABLE_OBJC_ARC = YES;
				CLANG_WARN_CONSTANT_CONVERSION = YES;
				CLANG_WARN_EMPTY_BODY = YES;
				CLANG_WARN_ENUM_CONVERSION = YES;
				CLANG_WARN_INT_CONVERSION = YES;
				CLANG_WARN__DUPLICATE_METHOD_MATCH = YES;
				"CODE_SIGN_IDENTITY[sdk=iphoneos*]" = "iPhone Developer";
				COPY_PHASE_STRIP = NO;
				GCC_C_LANGUAGE_STANDARD = gnu99;
				GCC_DYNAMIC_NO_PIC = NO;
				GCC_OPTIMIZATION_LEVEL = 0;
				GCC_PREPROCESSOR_DEFINITIONS = (
					"DEBUG=1",
					"$(inherited)",
				);
				GCC_SYMBOLS_PRIVATE_EXTERN = NO;
				GCC_WARN_ABOUT_RETURN_TYPE = YES;
				GCC_WARN_UNINITIALIZED_AUTOS = YES;
				GCC_WARN_UNUSED_VARIABLE = YES;
				IPHONEOS_DEPLOYMENT_TARGET = 6.1;
				ONLY_ACTIVE_ARCH = YES;
				SDKROOT = iphoneos;
			};
			name = Debug;
		};
		58FCF3EC17314752000E382D /* Release */ = {
			isa = XCBuildConfiguration;
			buildSettings = {
				ALWAYS_SEARCH_USER_PATHS = NO;
				CLANG_CXX_LANGUAGE_STANDARD = "gnu++0x";
				CLANG_CXX_LIBRARY = "libc++";
				CLANG_ENABLE_OBJC_ARC = YES;
				CLANG_WARN_CONSTANT_CONVERSION = YES;
				CLANG_WARN_EMPTY_BODY = YES;
				CLANG_WARN_ENUM_CONVERSION = YES;
				CLANG_WARN_INT_CONVERSION = YES;
				CLANG_WARN__DUPLICATE_METHOD_MATCH = YES;
				"CODE_SIGN_IDENTITY[sdk=iphoneos*]" = "iPhone Developer";
				COPY_PHASE_STRIP = YES;
				GCC_C_LANGUAGE_STANDARD = gnu99;
				GCC_WARN_ABOUT_RETURN_TYPE = YES;
				GCC_WARN_UNINITIALIZED_AUTOS = YES;
				GCC_WARN_UNUSED_VARIABLE = YES;
				IPHONEOS_DEPLOYMENT_TARGET = 6.1;
				OTHER_CFLAGS = "-DNS_BLOCK_ASSERTIONS=1";
				SDKROOT = iphoneos;
				VALIDATE_PRODUCT = YES;
			};
			name = Release;
		};
		58FCF3EE17314752000E382D /* Debug */ = {
			isa = XCBuildConfiguration;
			buildSettings = {
				CODE_SIGN_IDENTITY = "iPhone Developer: Toshiki Nakanishi (WRHUFP3254)";
				FRAMEWORK_SEARCH_PATHS = (
					"$(inherited)",
					"\"$(SRCROOT)\"",
				);
				GCC_PRECOMPILE_PREFIX_HEADER = YES;
				GCC_PREFIX_HEADER = "TwitterTrend/TwitterTrend-Prefix.pch";
				INFOPLIST_FILE = "TwitterTrend/TwitterTrend-Info.plist";
				IPHONEOS_DEPLOYMENT_TARGET = 5.0;
				PRODUCT_NAME = TwitterTrend;
				PROVISIONING_PROFILE = "858B46C4-1B27-43DC-828D-5722440805B9";
				WRAPPER_EXTENSION = app;
			};
			name = Debug;
		};
		58FCF3EF17314752000E382D /* Release */ = {
			isa = XCBuildConfiguration;
			buildSettings = {
				CODE_SIGN_IDENTITY = "iPhone Distribution: Toshiki Nakanishi";
				FRAMEWORK_SEARCH_PATHS = (
					"$(inherited)",
					"\"$(SRCROOT)\"",
				);
				GCC_PRECOMPILE_PREFIX_HEADER = YES;
				GCC_PREFIX_HEADER = "TwitterTrend/TwitterTrend-Prefix.pch";
				INFOPLIST_FILE = "TwitterTrend/TwitterTrend-Info.plist";
				IPHONEOS_DEPLOYMENT_TARGET = 5.0;
				PRODUCT_NAME = TwitterTrend;
				PROVISIONING_PROFILE = "AABDD4EE-1FAF-484A-ADED-CC9D26F448DE";
				WRAPPER_EXTENSION = app;
			};
			name = Release;
		};
/* End XCBuildConfiguration section */

/* Begin XCConfigurationList section */
		58FCF3C517314752000E382D /* Build configuration list for PBXProject "TwitterTrend" */ = {
			isa = XCConfigurationList;
			buildConfigurations = (
				58FCF3EB17314752000E382D /* Debug */,
				58FCF3EC17314752000E382D /* Release */,
			);
			defaultConfigurationIsVisible = 0;
			defaultConfigurationName = Release;
		};
		58FCF3ED17314752000E382D /* Build configuration list for PBXNativeTarget "TwitterTrend" */ = {
			isa = XCConfigurationList;
			buildConfigurations = (
				58FCF3EE17314752000E382D /* Debug */,
				58FCF3EF17314752000E382D /* Release */,
			);
			defaultConfigurationIsVisible = 0;
			defaultConfigurationName = Release;
		};
/* End XCConfigurationList section */
	};
	rootObject = 58FCF3C217314752000E382D /* Project object */;
}
